// !$*UTF8*$!
{
	archiveVersion = 1;
	classes = {
	};
	objectVersion = 50;
	objects = {

/* Begin PBXBuildFile section */
		2172B9EB261D7779008CC57E /* HotProspectsApp.swift in Sources */ = {isa = PBXBuildFile; fileRef = 2172B9EA261D7779008CC57E /* HotProspectsApp.swift */; };
		2172B9ED261D7779008CC57E /* ContentView.swift in Sources */ = {isa = PBXBuildFile; fileRef = 2172B9EC261D7779008CC57E /* ContentView.swift */; };
		2172B9EF261D777A008CC57E /* Assets.xcassets in Resources */ = {isa = PBXBuildFile; fileRef = 2172B9EE261D777A008CC57E /* Assets.xcassets */; };
		2172B9F2261D777A008CC57E /* Preview Assets.xcassets in Resources */ = {isa = PBXBuildFile; fileRef = 2172B9F1261D777A008CC57E /* Preview Assets.xcassets */; };
		21F351DC268AD608005B074D /* ProspectsTab.swift in Sources */ = {isa = PBXBuildFile; fileRef = 21F351DB268AD608005B074D /* ProspectsTab.swift */; };
		21F351E0268AD63C005B074D /* ProspectList.swift in Sources */ = {isa = PBXBuildFile; fileRef = 21F351DF268AD63C005B074D /* ProspectList.swift */; };
		21F351E2268AD673005B074D /* Prospect.swift in Sources */ = {isa = PBXBuildFile; fileRef = 21F351E1268AD673005B074D /* Prospect.swift */; };
		21F351E4268AD691005B074D /* ProspectRow.swift in Sources */ = {isa = PBXBuildFile; fileRef = 21F351E3268AD691005B074D /* ProspectRow.swift */; };
		21F351E6268AED72005B074D /* MyDetailsView.swift in Sources */ = {isa = PBXBuildFile; fileRef = 21F351E5268AED72005B074D /* MyDetailsView.swift */; };
		21F351E8268AED91005B074D /* QRCodeView.swift in Sources */ = {isa = PBXBuildFile; fileRef = 21F351E7268AED91005B074D /* QRCodeView.swift */; };
		21F351EA268AF595005B074D /* AddProspectView.swift in Sources */ = {isa = PBXBuildFile; fileRef = 21F351E9268AF595005B074D /* AddProspectView.swift */; };
		21F351EC268AFBDD005B074D /* PersonalDetails.swift in Sources */ = {isa = PBXBuildFile; fileRef = 21F351EB268AFBDD005B074D /* PersonalDetails.swift */; };
/* End PBXBuildFile section */

/* Begin PBXFileReference section */
		2172B9E7261D7779008CC57E /* HotProspects.app */ = {isa = PBXFileReference; explicitFileType = wrapper.application; includeInIndex = 0; path = HotProspects.app; sourceTree = BUILT_PRODUCTS_DIR; };
		2172B9EA261D7779008CC57E /* HotProspectsApp.swift */ = {isa = PBXFileReference; lastKnownFileType = sourcecode.swift; path = HotProspectsApp.swift; sourceTree = "<group>"; };
		2172B9EC261D7779008CC57E /* ContentView.swift */ = {isa = PBXFileReference; lastKnownFileType = sourcecode.swift; path = ContentView.swift; sourceTree = "<group>"; };
		2172B9EE261D777A008CC57E /* Assets.xcassets */ = {isa = PBXFileReference; lastKnownFileType = folder.assetcatalog; path = Assets.xcassets; sourceTree = "<group>"; };
		2172B9F1261D777A008CC57E /* Preview Assets.xcassets */ = {isa = PBXFileReference; lastKnownFileType = folder.assetcatalog; path = "Preview Assets.xcassets"; sourceTree = "<group>"; };
		2172B9F3261D777A008CC57E /* Info.plist */ = {isa = PBXFileReference; lastKnownFileType = text.plist.xml; path = Info.plist; sourceTree = "<group>"; };
		21F351DB268AD608005B074D /* ProspectsTab.swift */ = {isa = PBXFileReference; lastKnownFileType = sourcecode.swift; path = ProspectsTab.swift; sourceTree = "<group>"; };
		21F351DF268AD63C005B074D /* ProspectList.swift */ = {isa = PBXFileReference; lastKnownFileType = sourcecode.swift; path = ProspectList.swift; sourceTree = "<group>"; };
		21F351E1268AD673005B074D /* Prospect.swift */ = {isa = PBXFileReference; lastKnownFileType = sourcecode.swift; path = Prospect.swift; sourceTree = "<group>"; };
		21F351E3268AD691005B074D /* ProspectRow.swift */ = {isa = PBXFileReference; lastKnownFileType = sourcecode.swift; path = ProspectRow.swift; sourceTree = "<group>"; };
		21F351E5268AED72005B074D /* MyDetailsView.swift */ = {isa = PBXFileReference; lastKnownFileType = sourcecode.swift; path = MyDetailsView.swift; sourceTree = "<group>"; };
		21F351E7268AED91005B074D /* QRCodeView.swift */ = {isa = PBXFileReference; lastKnownFileType = sourcecode.swift; path = QRCodeView.swift; sourceTree = "<group>"; };
		21F351E9268AF595005B074D /* AddProspectView.swift */ = {isa = PBXFileReference; lastKnownFileType = sourcecode.swift; path = AddProspectView.swift; sourceTree = "<group>"; };
		21F351EB268AFBDD005B074D /* PersonalDetails.swift */ = {isa = PBXFileReference; lastKnownFileType = sourcecode.swift; path = PersonalDetails.swift; sourceTree = "<group>"; };
/* End PBXFileReference section */

/* Begin PBXFrameworksBuildPhase section */
		2172B9E4261D7779008CC57E /* Frameworks */ = {
			isa = PBXFrameworksBuildPhase;
			buildActionMask = 2147483647;
			files = (
			);
			runOnlyForDeploymentPostprocessing = 0;
		};
/* End PBXFrameworksBuildPhase section */

/* Begin PBXGroup section */
		2172B9DE261D7779008CC57E = {
			isa = PBXGroup;
			children = (
				2172B9E9261D7779008CC57E /* HotProspects */,
				2172B9E8261D7779008CC57E /* Products */,
			);
			sourceTree = "<group>";
		};
		2172B9E8261D7779008CC57E /* Products */ = {
			isa = PBXGroup;
			children = (
				2172B9E7261D7779008CC57E /* HotProspects.app */,
			);
			name = Products;
			sourceTree = "<group>";
		};
		2172B9E9261D7779008CC57E /* HotProspects */ = {
			isa = PBXGroup;
			children = (
				21F351DE268AD630005B074D /* Model */,
				21F351DD268AD627005B074D /* Views */,
				2172B9EA261D7779008CC57E /* HotProspectsApp.swift */,
				2172B9EC261D7779008CC57E /* ContentView.swift */,
				2172B9EE261D777A008CC57E /* Assets.xcassets */,
				2172B9F3261D777A008CC57E /* Info.plist */,
				2172B9F0261D777A008CC57E /* Preview Content */,
			);
			path = HotProspects;
			sourceTree = "<group>";
		};
		2172B9F0261D777A008CC57E /* Preview Content */ = {
			isa = PBXGroup;
			children = (
				2172B9F1261D777A008CC57E /* Preview Assets.xcassets */,
			);
			path = "Preview Content";
			sourceTree = "<group>";
		};
		21F351DD268AD627005B074D /* Views */ = {
			isa = PBXGroup;
			children = (
				21F351DB268AD608005B074D /* ProspectsTab.swift */,
				21F351E3268AD691005B074D /* ProspectRow.swift */,
				21F351E5268AED72005B074D /* MyDetailsView.swift */,
				21F351E7268AED91005B074D /* QRCodeView.swift */,
				21F351E9268AF595005B074D /* AddProspectView.swift */,
			);
			path = Views;
			sourceTree = "<group>";
		};
		21F351DE268AD630005B074D /* Model */ = {
			isa = PBXGroup;
			children = (
				21F351DF268AD63C005B074D /* ProspectList.swift */,
				21F351E1268AD673005B074D /* Prospect.swift */,
				21F351EB268AFBDD005B074D /* PersonalDetails.swift */,
			);
			path = Model;
			sourceTree = "<group>";
		};
/* End PBXGroup section */

/* Begin PBXNativeTarget section */
		2172B9E6261D7779008CC57E /* HotProspects */ = {
			isa = PBXNativeTarget;
			buildConfigurationList = 2172B9F6261D777A008CC57E /* Build configuration list for PBXNativeTarget "HotProspects" */;
			buildPhases = (
				2172B9E3261D7779008CC57E /* Sources */,
				2172B9E4261D7779008CC57E /* Frameworks */,
				2172B9E5261D7779008CC57E /* Resources */,
			);
			buildRules = (
			);
			dependencies = (
			);
			name = HotProspects;
			packageProductDependencies = (
			);
			productName = HotProspects;
			productReference = 2172B9E7261D7779008CC57E /* HotProspects.app */;
			productType = "com.apple.product-type.application";
		};
/* End PBXNativeTarget section */

/* Begin PBXProject section */
		2172B9DF261D7779008CC57E /* Project object */ = {
			isa = PBXProject;
			attributes = {
				LastSwiftUpdateCheck = 1240;
				LastUpgradeCheck = 1240;
				TargetAttributes = {
					2172B9E6261D7779008CC57E = {
						CreatedOnToolsVersion = 12.4;
					};
				};
			};
			buildConfigurationList = 2172B9E2261D7779008CC57E /* Build configuration list for PBXProject "HotProspects" */;
			compatibilityVersion = "Xcode 9.3";
			developmentRegion = en;
			hasScannedForEncodings = 0;
			knownRegions = (
				en,
				Base,
			);
			mainGroup = 2172B9DE261D7779008CC57E;
			packageReferences = (
			);
			productRefGroup = 2172B9E8261D7779008CC57E /* Products */;
			projectDirPath = "";
			projectRoot = "";
			targets = (
				2172B9E6261D7779008CC57E /* HotProspects */,
			);
		};
/* End PBXProject section */

/* Begin PBXResourcesBuildPhase section */
		2172B9E5261D7779008CC57E /* Resources */ = {
			isa = PBXResourcesBuildPhase;
			buildActionMask = 2147483647;
			files = (
				2172B9F2261D777A008CC57E /* Preview Assets.xcassets in Resources */,
				2172B9EF261D777A008CC57E /* Assets.xcassets in Resources */,
			);
			runOnlyForDeploymentPostprocessing = 0;
		};
/* End PBXResourcesBuildPhase section */

/* Begin PBXSourcesBuildPhase section */
		2172B9E3261D7779008CC57E /* Sources */ = {
			isa = PBXSourcesBuildPhase;
			buildActionMask = 2147483647;
			files = (
				21F351E6268AED72005B074D /* MyDetailsView.swift in Sources */,
				2172B9ED261D7779008CC57E /* ContentView.swift in Sources */,
				21F351EA268AF595005B074D /* AddProspectView.swift in Sources */,
				21F351E2268AD673005B074D /* Prospect.swift in Sources */,
				21F351EC268AFBDD005B074D /* PersonalDetails.swift in Sources */,
				21F351E0268AD63C005B074D /* ProspectList.swift in Sources */,
				21F351E8268AED91005B074D /* QRCodeView.swift in Sources */,
				2172B9EB261D7779008CC57E /* HotProspectsApp.swift in Sources */,
				21F351E4268AD691005B074D /* ProspectRow.swift in Sources */,
				21F351DC268AD608005B074D /* ProspectsTab.swift in Sources */,
			);
			runOnlyForDeploymentPostprocessing = 0;
		};
/* End PBXSourcesBuildPhase section */

/* Begin XCBuildConfiguration section */
		2172B9F4261D777A008CC57E /* Debug */ = {
			isa = XCBuildConfiguration;
			buildSettings = {
				ALWAYS_SEARCH_USER_PATHS = NO;
				CLANG_ANALYZER_NONNULL = YES;
				CLANG_ANALYZER_NUMBER_OBJECT_CONVERSION = YES_AGGRESSIVE;
				CLANG_CXX_LANGUAGE_STANDARD = "gnu++14";
				CLANG_CXX_LIBRARY = "libc++";
				CLANG_ENABLE_MODULES = YES;
				CLANG_ENABLE_OBJC_ARC = YES;
				CLANG_ENABLE_OBJC_WEAK = YES;
				CLANG_WARN_BLOCK_CAPTURE_AUTORELEASING = YES;
				CLANG_WARN_BOOL_CONVERSION = YES;
				CLANG_WARN_COMMA = YES;
				CLANG_WARN_CONSTANT_CONVERSION = YES;
				CLANG_WARN_DEPRECATED_OBJC_IMPLEMENTATIONS = YES;
				CLANG_WARN_DIRECT_OBJC_ISA_USAGE = YES_ERROR;
				CLANG_WARN_DOCUMENTATION_COMMENTS = YES;
				CLANG_WARN_EMPTY_BODY = YES;
				CLANG_WARN_ENUM_CONVERSION = YES;
				CLANG_WARN_INFINITE_RECURSION = YES;
				CLANG_WARN_INT_CONVERSION = YES;
				CLANG_WARN_NON_LITERAL_NULL_CONVERSION = YES;
				CLANG_WARN_OBJC_IMPLICIT_RETAIN_SELF = YES;
				CLANG_WARN_OBJC_LITERAL_CONVERSION = YES;
				CLANG_WARN_OBJC_ROOT_CLASS = YES_ERROR;
				CLANG_WARN_QUOTED_INCLUDE_IN_FRAMEWORK_HEADER = YES;
				CLANG_WARN_RANGE_LOOP_ANALYSIS = YES;
				CLANG_WARN_STRICT_PROTOTYPES = YES;
				CLANG_WARN_SUSPICIOUS_MOVE = YES;
				CLANG_WARN_UNGUARDED_AVAILABILITY = YES_AGGRESSIVE;
				CLANG_WARN_UNREACHABLE_CODE = YES;
				CLANG_WARN__DUPLICATE_METHOD_MATCH = YES;
				COPY_PHASE_STRIP = NO;
				DEBUG_INFORMATION_FORMAT = dwarf;
				ENABLE_STRICT_OBJC_MSGSEND = YES;
				ENABLE_TESTABILITY = YES;
				GCC_C_LANGUAGE_STANDARD = gnu11;
				GCC_DYNAMIC_NO_PIC = NO;
				GCC_NO_COMMON_BLOCKS = YES;
				GCC_OPTIMIZATION_LEVEL = 0;
				GCC_PREPROCESSOR_DEFINITIONS = (
					"DEBUG=1",
					"$(inherited)",
				);
				GCC_WARN_64_TO_32_BIT_CONVERSION = YES;
				GCC_WARN_ABOUT_RETURN_TYPE = YES_ERROR;
				GCC_WARN_UNDECLARED_SELECTOR = YES;
				GCC_WARN_UNINITIALIZED_AUTOS = YES_AGGRESSIVE;
				GCC_WARN_UNUSED_FUNCTION = YES;
				GCC_WARN_UNUSED_VARIABLE = YES;
				IPHONEOS_DEPLOYMENT_TARGET = 14.4;
				MTL_ENABLE_DEBUG_INFO = INCLUDE_SOURCE;
				MTL_FAST_MATH = YES;
				ONLY_ACTIVE_ARCH = YES;
				SDKROOT = iphoneos;
				SWIFT_ACTIVE_COMPILATION_CONDITIONS = DEBUG;
				SWIFT_OPTIMIZATION_LEVEL = "-Onone";
			};
			name = Debug;
		};
		2172B9F5261D777A008CC57E /* Release */ = {
			isa = XCBuildConfiguration;
			buildSettings = {
				ALWAYS_SEARCH_USER_PATHS = NO;
				CLANG_ANALYZER_NONNULL = YES;
				CLANG_ANALYZER_NUMBER_OBJECT_CONVERSION = YES_AGGRESSIVE;
				CLANG_CXX_LANGUAGE_STANDARD = "gnu++14";
				CLANG_CXX_LIBRARY = "libc++";
				CLANG_ENABLE_MODULES = YES;
				CLANG_ENABLE_OBJC_ARC = YES;
				CLANG_ENABLE_OBJC_WEAK = YES;
				CLANG_WARN_BLOCK_CAPTURE_AUTORELEASING = YES;
				CLANG_WARN_BOOL_CONVERSION = YES;
				CLANG_WARN_COMMA = YES;
				CLANG_WARN_CONSTANT_CONVERSION = YES;
				CLANG_WARN_DEPRECATED_OBJC_IMPLEMENTATIONS = YES;
				CLANG_WARN_DIRECT_OBJC_ISA_USAGE = YES_ERROR;
				CLANG_WARN_DOCUMENTATION_COMMENTS = YES;
				CLANG_WARN_EMPTY_BODY = YES;
				CLANG_WARN_ENUM_CONVERSION = YES;
				CLANG_WARN_INFINITE_RECURSION = YES;
				CLANG_WARN_INT_CONVERSION = YES;
				CLANG_WARN_NON_LITERAL_NULL_CONVERSION = YES;
				CLANG_WARN_OBJC_IMPLICIT_RETAIN_SELF = YES;
				CLANG_WARN_OBJC_LITERAL_CONVERSION = YES;
				CLANG_WARN_OBJC_ROOT_CLASS = YES_ERROR;
				CLANG_WARN_QUOTED_INCLUDE_IN_FRAMEWORK_HEADER = YES;
				CLANG_WARN_RANGE_LOOP_ANALYSIS = YES;
				CLANG_WARN_STRICT_PROTOTYPES = YES;
				CLANG_WARN_SUSPICIOUS_MOVE = YES;
				CLANG_WARN_UNGUARDED_AVAILABILITY = YES_AGGRESSIVE;
				CLANG_WARN_UNREACHABLE_CODE = YES;
				CLANG_WARN__DUPLICATE_METHOD_MATCH = YES;
				COPY_PHASE_STRIP = NO;
				DEBUG_INFORMATION_FORMAT = "dwarf-with-dsym";
				ENABLE_NS_ASSERTIONS = NO;
				ENABLE_STRICT_OBJC_MSGSEND = YES;
				GCC_C_LANGUAGE_STANDARD = gnu11;
				GCC_NO_COMMON_BLOCKS = YES;
				GCC_WARN_64_TO_32_BIT_CONVERSION = YES;
				GCC_WARN_ABOUT_RETURN_TYPE = YES_ERROR;
				GCC_WARN_UNDECLARED_SELECTOR = YES;
				GCC_WARN_UNINITIALIZED_AUTOS = YES_AGGRESSIVE;
				GCC_WARN_UNUSED_FUNCTION = YES;
				GCC_WARN_UNUSED_VARIABLE = YES;
				IPHONEOS_DEPLOYMENT_TARGET = 14.4;
				MTL_ENABLE_DEBUG_INFO = NO;
				MTL_FAST_MATH = YES;
				SDKROOT = iphoneos;
				SWIFT_COMPILATION_MODE = wholemodule;
				SWIFT_OPTIMIZATION_LEVEL = "-O";
				VALIDATE_PRODUCT = YES;
			};
			name = Release;
		};
		2172B9F7261D777A008CC57E /* Debug */ = {
			isa = XCBuildConfiguration;
			buildSettings = {
				ASSETCATALOG_COMPILER_APPICON_NAME = AppIcon;
				ASSETCATALOG_COMPILER_GLOBAL_ACCENT_COLOR_NAME = AccentColor;
				CODE_SIGN_STYLE = Automatic;
				DEVELOPMENT_ASSET_PATHS = "\"HotProspects/Preview Content\"";
				DEVELOPMENT_TEAM = SVNZBC4323;
				ENABLE_PREVIEWS = YES;
				INFOPLIST_FILE = HotProspects/Info.plist;
				IPHONEOS_DEPLOYMENT_TARGET = 14.0;
				LD_RUNPATH_SEARCH_PATHS = (
					"$(inherited)",
					"@executable_path/Frameworks",
				);
				PRODUCT_BUNDLE_IDENTIFIER = com.example.HotProspects;
				PRODUCT_NAME = "$(TARGET_NAME)";
				SWIFT_VERSION = 5.0;
				TARGETED_DEVICE_FAMILY = "1,2";
			};
			name = Debug;
		};
		2172B9F8261D777A008CC57E /* Release */ = {
			isa = XCBuildConfiguration;
			buildSettings = {
				ASSETCATALOG_COMPILER_APPICON_NAME = AppIcon;
				ASSETCATALOG_COMPILER_GLOBAL_ACCENT_COLOR_NAME = AccentColor;
				CODE_SIGN_STYLE = Automatic;
				DEVELOPMENT_ASSET_PATHS = "\"HotProspects/Preview Content\"";
				DEVELOPMENT_TEAM = SVNZBC4323;
				ENABLE_PREVIEWS = YES;
				INFOPLIST_FILE = HotProspects/Info.plist;
				IPHONEOS_DEPLOYMENT_TARGET = 14.0;
				LD_RUNPATH_SEARCH_PATHS = (
					"$(inherited)",
					"@executable_path/Frameworks",
				);
				PRODUCT_BUNDLE_IDENTIFIER = com.example.HotProspects;
				PRODUCT_NAME = "$(TARGET_NAME)";
				SWIFT_VERSION = 5.0;
				TARGETED_DEVICE_FAMILY = "1,2";
			};
			name = Release;
		};
/* End XCBuildConfiguration section */

/* Begin XCConfigurationList section */
		2172B9E2261D7779008CC57E /* Build configuration list for PBXProject "HotProspects" */ = {
			isa = XCConfigurationList;
			buildConfigurations = (
				2172B9F4261D777A008CC57E /* Debug */,
				2172B9F5261D777A008CC57E /* Release */,
			);
			defaultConfigurationIsVisible = 0;
			defaultConfigurationName = Release;
		};
		2172B9F6261D777A008CC57E /* Build configuration list for PBXNativeTarget "HotProspects" */ = {
			isa = XCConfigurationList;
			buildConfigurations = (
				2172B9F7261D777A008CC57E /* Debug */,
				2172B9F8261D777A008CC57E /* Release */,
			);
			defaultConfigurationIsVisible = 0;
			defaultConfigurationName = Release;
		};
/* End XCConfigurationList section */
	};
	rootObject = 2172B9DF261D7779008CC57E /* Project object */;
}
