// !$*UTF8*$!
{
	archiveVersion = 1;
	classes = {
	};
	objectVersion = 50;
	objects = {

/* Begin PBXBuildFile section */
		212A3A9D26173A22004554AE /* Movie+CoreDataClass.swift in Sources */ = {isa = PBXBuildFile; fileRef = 212A3A9B26173A22004554AE /* Movie+CoreDataClass.swift */; };
		212A3A9E26173A22004554AE /* Movie+CoreDataProperties.swift in Sources */ = {isa = PBXBuildFile; fileRef = 212A3A9C26173A22004554AE /* Movie+CoreDataProperties.swift */; };
		218549FF26192CEA00C3A273 /* Candy+CoreDataClass.swift in Sources */ = {isa = PBXBuildFile; fileRef = 218549FB26192CEA00C3A273 /* Candy+CoreDataClass.swift */; };
		21854A0026192CEA00C3A273 /* Candy+CoreDataProperties.swift in Sources */ = {isa = PBXBuildFile; fileRef = 218549FC26192CEA00C3A273 /* Candy+CoreDataProperties.swift */; };
		21854A0126192CEA00C3A273 /* Country+CoreDataClass.swift in Sources */ = {isa = PBXBuildFile; fileRef = 218549FD26192CEA00C3A273 /* Country+CoreDataClass.swift */; };
		21854A0226192CEA00C3A273 /* Country+CoreDataProperties.swift in Sources */ = {isa = PBXBuildFile; fileRef = 218549FE26192CEA00C3A273 /* Country+CoreDataProperties.swift */; };
		21DE4DE72616213A00017879 /* CoreDataProjectApp.swift in Sources */ = {isa = PBXBuildFile; fileRef = 21DE4DE62616213A00017879 /* CoreDataProjectApp.swift */; };
		21DE4DE92616213A00017879 /* ContentView.swift in Sources */ = {isa = PBXBuildFile; fileRef = 21DE4DE82616213A00017879 /* ContentView.swift */; };
		21DE4DEB2616213E00017879 /* Assets.xcassets in Resources */ = {isa = PBXBuildFile; fileRef = 21DE4DEA2616213E00017879 /* Assets.xcassets */; };
		21DE4DEE2616213E00017879 /* Preview Assets.xcassets in Resources */ = {isa = PBXBuildFile; fileRef = 21DE4DED2616213E00017879 /* Preview Assets.xcassets */; };
		21DE4DF02616213E00017879 /* Persistence.swift in Sources */ = {isa = PBXBuildFile; fileRef = 21DE4DEF2616213E00017879 /* Persistence.swift */; };
		21DE4DF32616213E00017879 /* CoreDataProject.xcdatamodeld in Sources */ = {isa = PBXBuildFile; fileRef = 21DE4DF12616213E00017879 /* CoreDataProject.xcdatamodeld */; };
/* End PBXBuildFile section */

/* Begin PBXFileReference section */
		212A3A9B26173A22004554AE /* Movie+CoreDataClass.swift */ = {isa = PBXFileReference; lastKnownFileType = sourcecode.swift; path = "Movie+CoreDataClass.swift"; sourceTree = SOURCE_ROOT; };
		212A3A9C26173A22004554AE /* Movie+CoreDataProperties.swift */ = {isa = PBXFileReference; lastKnownFileType = sourcecode.swift; path = "Movie+CoreDataProperties.swift"; sourceTree = SOURCE_ROOT; };
		218549FB26192CEA00C3A273 /* Candy+CoreDataClass.swift */ = {isa = PBXFileReference; lastKnownFileType = sourcecode.swift; path = "Candy+CoreDataClass.swift"; sourceTree = SOURCE_ROOT; };
		218549FC26192CEA00C3A273 /* Candy+CoreDataProperties.swift */ = {isa = PBXFileReference; lastKnownFileType = sourcecode.swift; path = "Candy+CoreDataProperties.swift"; sourceTree = SOURCE_ROOT; };
		218549FD26192CEA00C3A273 /* Country+CoreDataClass.swift */ = {isa = PBXFileReference; lastKnownFileType = sourcecode.swift; path = "Country+CoreDataClass.swift"; sourceTree = SOURCE_ROOT; };
		218549FE26192CEA00C3A273 /* Country+CoreDataProperties.swift */ = {isa = PBXFileReference; lastKnownFileType = sourcecode.swift; path = "Country+CoreDataProperties.swift"; sourceTree = SOURCE_ROOT; };
		21DE4DE32616213A00017879 /* CoreDataProject.app */ = {isa = PBXFileReference; explicitFileType = wrapper.application; includeInIndex = 0; path = CoreDataProject.app; sourceTree = BUILT_PRODUCTS_DIR; };
		21DE4DE62616213A00017879 /* CoreDataProjectApp.swift */ = {isa = PBXFileReference; lastKnownFileType = sourcecode.swift; path = CoreDataProjectApp.swift; sourceTree = "<group>"; };
		21DE4DE82616213A00017879 /* ContentView.swift */ = {isa = PBXFileReference; lastKnownFileType = sourcecode.swift; path = ContentView.swift; sourceTree = "<group>"; };
		21DE4DEA2616213E00017879 /* Assets.xcassets */ = {isa = PBXFileReference; lastKnownFileType = folder.assetcatalog; path = Assets.xcassets; sourceTree = "<group>"; };
		21DE4DED2616213E00017879 /* Preview Assets.xcassets */ = {isa = PBXFileReference; lastKnownFileType = folder.assetcatalog; path = "Preview Assets.xcassets"; sourceTree = "<group>"; };
		21DE4DEF2616213E00017879 /* Persistence.swift */ = {isa = PBXFileReference; lastKnownFileType = sourcecode.swift; path = Persistence.swift; sourceTree = "<group>"; };
		21DE4DF22616213E00017879 /* CoreDataProject.xcdatamodel */ = {isa = PBXFileReference; lastKnownFileType = wrapper.xcdatamodel; path = CoreDataProject.xcdatamodel; sourceTree = "<group>"; };
		21DE4DF42616213E00017879 /* Info.plist */ = {isa = PBXFileReference; lastKnownFileType = text.plist.xml; path = Info.plist; sourceTree = "<group>"; };
/* End PBXFileReference section */

/* Begin PBXFrameworksBuildPhase section */
		21DE4DE02616213A00017879 /* Frameworks */ = {
			isa = PBXFrameworksBuildPhase;
			buildActionMask = 2147483647;
			files = (
			);
			runOnlyForDeploymentPostprocessing = 0;
		};
/* End PBXFrameworksBuildPhase section */

/* Begin PBXGroup section */
		212A3A9A26173951004554AE /* Core Data Classes */ = {
			isa = PBXGroup;
			children = (
				218549FB26192CEA00C3A273 /* Candy+CoreDataClass.swift */,
				218549FC26192CEA00C3A273 /* Candy+CoreDataProperties.swift */,
				218549FD26192CEA00C3A273 /* Country+CoreDataClass.swift */,
				218549FE26192CEA00C3A273 /* Country+CoreDataProperties.swift */,
				212A3A9B26173A22004554AE /* Movie+CoreDataClass.swift */,
				212A3A9C26173A22004554AE /* Movie+CoreDataProperties.swift */,
			);
			path = "Core Data Classes";
			sourceTree = "<group>";
		};
		21DE4DDA2616213A00017879 = {
			isa = PBXGroup;
			children = (
				21DE4DE52616213A00017879 /* CoreDataProject */,
				21DE4DE42616213A00017879 /* Products */,
			);
			sourceTree = "<group>";
		};
		21DE4DE42616213A00017879 /* Products */ = {
			isa = PBXGroup;
			children = (
				21DE4DE32616213A00017879 /* CoreDataProject.app */,
			);
			name = Products;
			sourceTree = "<group>";
		};
		21DE4DE52616213A00017879 /* CoreDataProject */ = {
			isa = PBXGroup;
			children = (
				212A3A9A26173951004554AE /* Core Data Classes */,
				21DE4DE62616213A00017879 /* CoreDataProjectApp.swift */,
				21DE4DE82616213A00017879 /* ContentView.swift */,
				21DE4DEA2616213E00017879 /* Assets.xcassets */,
				21DE4DEF2616213E00017879 /* Persistence.swift */,
				21DE4DF42616213E00017879 /* Info.plist */,
				21DE4DF12616213E00017879 /* CoreDataProject.xcdatamodeld */,
				21DE4DEC2616213E00017879 /* Preview Content */,
			);
			path = CoreDataProject;
			sourceTree = "<group>";
		};
		21DE4DEC2616213E00017879 /* Preview Content */ = {
			isa = PBXGroup;
			children = (
				21DE4DED2616213E00017879 /* Preview Assets.xcassets */,
			);
			path = "Preview Content";
			sourceTree = "<group>";
		};
/* End PBXGroup section */

/* Begin PBXNativeTarget section */
		21DE4DE22616213A00017879 /* CoreDataProject */ = {
			isa = PBXNativeTarget;
			buildConfigurationList = 21DE4DF72616213E00017879 /* Build configuration list for PBXNativeTarget "CoreDataProject" */;
			buildPhases = (
				21DE4DDF2616213A00017879 /* Sources */,
				21DE4DE02616213A00017879 /* Frameworks */,
				21DE4DE12616213A00017879 /* Resources */,
			);
			buildRules = (
			);
			dependencies = (
			);
			name = CoreDataProject;
			productName = CoreDataProject;
			productReference = 21DE4DE32616213A00017879 /* CoreDataProject.app */;
			productType = "com.apple.product-type.application";
		};
/* End PBXNativeTarget section */

/* Begin PBXProject section */
		21DE4DDB2616213A00017879 /* Project object */ = {
			isa = PBXProject;
			attributes = {
				LastSwiftUpdateCheck = 1240;
				LastUpgradeCheck = 1240;
				TargetAttributes = {
					21DE4DE22616213A00017879 = {
						CreatedOnToolsVersion = 12.4;
					};
				};
			};
			buildConfigurationList = 21DE4DDE2616213A00017879 /* Build configuration list for PBXProject "CoreDataProject" */;
			compatibilityVersion = "Xcode 9.3";
			developmentRegion = en;
			hasScannedForEncodings = 0;
			knownRegions = (
				en,
				Base,
			);
			mainGroup = 21DE4DDA2616213A00017879;
			productRefGroup = 21DE4DE42616213A00017879 /* Products */;
			projectDirPath = "";
			projectRoot = "";
			targets = (
				21DE4DE22616213A00017879 /* CoreDataProject */,
			);
		};
/* End PBXProject section */

/* Begin PBXResourcesBuildPhase section */
		21DE4DE12616213A00017879 /* Resources */ = {
			isa = PBXResourcesBuildPhase;
			buildActionMask = 2147483647;
			files = (
				21DE4DEE2616213E00017879 /* Preview Assets.xcassets in Resources */,
				21DE4DEB2616213E00017879 /* Assets.xcassets in Resources */,
			);
			runOnlyForDeploymentPostprocessing = 0;
		};
/* End PBXResourcesBuildPhase section */

/* Begin PBXSourcesBuildPhase section */
		21DE4DDF2616213A00017879 /* Sources */ = {
			isa = PBXSourcesBuildPhase;
			buildActionMask = 2147483647;
			files = (
				21854A0226192CEA00C3A273 /* Country+CoreDataProperties.swift in Sources */,
				21DE4DF02616213E00017879 /* Persistence.swift in Sources */,
				21DE4DE92616213A00017879 /* ContentView.swift in Sources */,
				21DE4DF32616213E00017879 /* CoreDataProject.xcdatamodeld in Sources */,
				21854A0026192CEA00C3A273 /* Candy+CoreDataProperties.swift in Sources */,
				212A3A9D26173A22004554AE /* Movie+CoreDataClass.swift in Sources */,
				212A3A9E26173A22004554AE /* Movie+CoreDataProperties.swift in Sources */,
				21DE4DE72616213A00017879 /* CoreDataProjectApp.swift in Sources */,
				218549FF26192CEA00C3A273 /* Candy+CoreDataClass.swift in Sources */,
				21854A0126192CEA00C3A273 /* Country+CoreDataClass.swift in Sources */,
			);
			runOnlyForDeploymentPostprocessing = 0;
		};
/* End PBXSourcesBuildPhase section */

/* Begin XCBuildConfiguration section */
		21DE4DF52616213E00017879 /* Debug */ = {
			isa = XCBuildConfiguration;
			buildSettings = {
				ALWAYS_SEARCH_USER_PATHS = NO;
				CLANG_ANALYZER_NONNULL = YES;
				CLANG_ANALYZER_NUMBER_OBJECT_CONVERSION = YES_AGGRESSIVE;
				CLANG_CXX_LANGUAGE_STANDARD = "gnu++14";
				CLANG_CXX_LIBRARY = "libc++";
				CLANG_ENABLE_MODULES = YES;
				CLANG_ENABLE_OBJC_ARC = YES;
				CLANG_ENABLE_OBJC_WEAK = YES;
				CLANG_WARN_BLOCK_CAPTURE_AUTORELEASING = YES;
				CLANG_WARN_BOOL_CONVERSION = YES;
				CLANG_WARN_COMMA = YES;
				CLANG_WARN_CONSTANT_CONVERSION = YES;
				CLANG_WARN_DEPRECATED_OBJC_IMPLEMENTATIONS = YES;
				CLANG_WARN_DIRECT_OBJC_ISA_USAGE = YES_ERROR;
				CLANG_WARN_DOCUMENTATION_COMMENTS = YES;
				CLANG_WARN_EMPTY_BODY = YES;
				CLANG_WARN_ENUM_CONVERSION = YES;
				CLANG_WARN_INFINITE_RECURSION = YES;
				CLANG_WARN_INT_CONVERSION = YES;
				CLANG_WARN_NON_LITERAL_NULL_CONVERSION = YES;
				CLANG_WARN_OBJC_IMPLICIT_RETAIN_SELF = YES;
				CLANG_WARN_OBJC_LITERAL_CONVERSION = YES;
				CLANG_WARN_OBJC_ROOT_CLASS = YES_ERROR;
				CLANG_WARN_QUOTED_INCLUDE_IN_FRAMEWORK_HEADER = YES;
				CLANG_WARN_RANGE_LOOP_ANALYSIS = YES;
				CLANG_WARN_STRICT_PROTOTYPES = YES;
				CLANG_WARN_SUSPICIOUS_MOVE = YES;
				CLANG_WARN_UNGUARDED_AVAILABILITY = YES_AGGRESSIVE;
				CLANG_WARN_UNREACHABLE_CODE = YES;
				CLANG_WARN__DUPLICATE_METHOD_MATCH = YES;
				COPY_PHASE_STRIP = NO;
				DEBUG_INFORMATION_FORMAT = dwarf;
				ENABLE_STRICT_OBJC_MSGSEND = YES;
				ENABLE_TESTABILITY = YES;
				GCC_C_LANGUAGE_STANDARD = gnu11;
				GCC_DYNAMIC_NO_PIC = NO;
				GCC_NO_COMMON_BLOCKS = YES;
				GCC_OPTIMIZATION_LEVEL = 0;
				GCC_PREPROCESSOR_DEFINITIONS = (
					"DEBUG=1",
					"$(inherited)",
				);
				GCC_WARN_64_TO_32_BIT_CONVERSION = YES;
				GCC_WARN_ABOUT_RETURN_TYPE = YES_ERROR;
				GCC_WARN_UNDECLARED_SELECTOR = YES;
				GCC_WARN_UNINITIALIZED_AUTOS = YES_AGGRESSIVE;
				GCC_WARN_UNUSED_FUNCTION = YES;
				GCC_WARN_UNUSED_VARIABLE = YES;
				IPHONEOS_DEPLOYMENT_TARGET = 14.4;
				MTL_ENABLE_DEBUG_INFO = INCLUDE_SOURCE;
				MTL_FAST_MATH = YES;
				ONLY_ACTIVE_ARCH = YES;
				SDKROOT = iphoneos;
				SWIFT_ACTIVE_COMPILATION_CONDITIONS = DEBUG;
				SWIFT_OPTIMIZATION_LEVEL = "-Onone";
			};
			name = Debug;
		};
		21DE4DF62616213E00017879 /* Release */ = {
			isa = XCBuildConfiguration;
			buildSettings = {
				ALWAYS_SEARCH_USER_PATHS = NO;
				CLANG_ANALYZER_NONNULL = YES;
				CLANG_ANALYZER_NUMBER_OBJECT_CONVERSION = YES_AGGRESSIVE;
				CLANG_CXX_LANGUAGE_STANDARD = "gnu++14";
				CLANG_CXX_LIBRARY = "libc++";
				CLANG_ENABLE_MODULES = YES;
				CLANG_ENABLE_OBJC_ARC = YES;
				CLANG_ENABLE_OBJC_WEAK = YES;
				CLANG_WARN_BLOCK_CAPTURE_AUTORELEASING = YES;
				CLANG_WARN_BOOL_CONVERSION = YES;
				CLANG_WARN_COMMA = YES;
				CLANG_WARN_CONSTANT_CONVERSION = YES;
				CLANG_WARN_DEPRECATED_OBJC_IMPLEMENTATIONS = YES;
				CLANG_WARN_DIRECT_OBJC_ISA_USAGE = YES_ERROR;
				CLANG_WARN_DOCUMENTATION_COMMENTS = YES;
				CLANG_WARN_EMPTY_BODY = YES;
				CLANG_WARN_ENUM_CONVERSION = YES;
				CLANG_WARN_INFINITE_RECURSION = YES;
				CLANG_WARN_INT_CONVERSION = YES;
				CLANG_WARN_NON_LITERAL_NULL_CONVERSION = YES;
				CLANG_WARN_OBJC_IMPLICIT_RETAIN_SELF = YES;
				CLANG_WARN_OBJC_LITERAL_CONVERSION = YES;
				CLANG_WARN_OBJC_ROOT_CLASS = YES_ERROR;
				CLANG_WARN_QUOTED_INCLUDE_IN_FRAMEWORK_HEADER = YES;
				CLANG_WARN_RANGE_LOOP_ANALYSIS = YES;
				CLANG_WARN_STRICT_PROTOTYPES = YES;
				CLANG_WARN_SUSPICIOUS_MOVE = YES;
				CLANG_WARN_UNGUARDED_AVAILABILITY = YES_AGGRESSIVE;
				CLANG_WARN_UNREACHABLE_CODE = YES;
				CLANG_WARN__DUPLICATE_METHOD_MATCH = YES;
				COPY_PHASE_STRIP = NO;
				DEBUG_INFORMATION_FORMAT = "dwarf-with-dsym";
				ENABLE_NS_ASSERTIONS = NO;
				ENABLE_STRICT_OBJC_MSGSEND = YES;
				GCC_C_LANGUAGE_STANDARD = gnu11;
				GCC_NO_COMMON_BLOCKS = YES;
				GCC_WARN_64_TO_32_BIT_CONVERSION = YES;
				GCC_WARN_ABOUT_RETURN_TYPE = YES_ERROR;
				GCC_WARN_UNDECLARED_SELECTOR = YES;
				GCC_WARN_UNINITIALIZED_AUTOS = YES_AGGRESSIVE;
				GCC_WARN_UNUSED_FUNCTION = YES;
				GCC_WARN_UNUSED_VARIABLE = YES;
				IPHONEOS_DEPLOYMENT_TARGET = 14.4;
				MTL_ENABLE_DEBUG_INFO = NO;
				MTL_FAST_MATH = YES;
				SDKROOT = iphoneos;
				SWIFT_COMPILATION_MODE = wholemodule;
				SWIFT_OPTIMIZATION_LEVEL = "-O";
				VALIDATE_PRODUCT = YES;
			};
			name = Release;
		};
		21DE4DF82616213E00017879 /* Debug */ = {
			isa = XCBuildConfiguration;
			buildSettings = {
				ASSETCATALOG_COMPILER_APPICON_NAME = AppIcon;
				ASSETCATALOG_COMPILER_GLOBAL_ACCENT_COLOR_NAME = AccentColor;
				CODE_SIGN_STYLE = Automatic;
				DEVELOPMENT_ASSET_PATHS = "\"CoreDataProject/Preview Content\"";
				DEVELOPMENT_TEAM = SVNZBC4323;
				ENABLE_PREVIEWS = YES;
				INFOPLIST_FILE = CoreDataProject/Info.plist;
				IPHONEOS_DEPLOYMENT_TARGET = 14.0;
				LD_RUNPATH_SEARCH_PATHS = (
					"$(inherited)",
					"@executable_path/Frameworks",
				);
				PRODUCT_BUNDLE_IDENTIFIER = com.example.CoreDataProject;
				PRODUCT_NAME = "$(TARGET_NAME)";
				SWIFT_VERSION = 5.0;
				TARGETED_DEVICE_FAMILY = "1,2";
			};
			name = Debug;
		};
		21DE4DF92616213E00017879 /* Release */ = {
			isa = XCBuildConfiguration;
			buildSettings = {
				ASSETCATALOG_COMPILER_APPICON_NAME = AppIcon;
				ASSETCATALOG_COMPILER_GLOBAL_ACCENT_COLOR_NAME = AccentColor;
				CODE_SIGN_STYLE = Automatic;
				DEVELOPMENT_ASSET_PATHS = "\"CoreDataProject/Preview Content\"";
				DEVELOPMENT_TEAM = SVNZBC4323;
				ENABLE_PREVIEWS = YES;
				INFOPLIST_FILE = CoreDataProject/Info.plist;
				IPHONEOS_DEPLOYMENT_TARGET = 14.0;
				LD_RUNPATH_SEARCH_PATHS = (
					"$(inherited)",
					"@executable_path/Frameworks",
				);
				PRODUCT_BUNDLE_IDENTIFIER = com.example.CoreDataProject;
				PRODUCT_NAME = "$(TARGET_NAME)";
				SWIFT_VERSION = 5.0;
				TARGETED_DEVICE_FAMILY = "1,2";
			};
			name = Release;
		};
/* End XCBuildConfiguration section */

/* Begin XCConfigurationList section */
		21DE4DDE2616213A00017879 /* Build configuration list for PBXProject "CoreDataProject" */ = {
			isa = XCConfigurationList;
			buildConfigurations = (
				21DE4DF52616213E00017879 /* Debug */,
				21DE4DF62616213E00017879 /* Release */,
			);
			defaultConfigurationIsVisible = 0;
			defaultConfigurationName = Release;
		};
		21DE4DF72616213E00017879 /* Build configuration list for PBXNativeTarget "CoreDataProject" */ = {
			isa = XCConfigurationList;
			buildConfigurations = (
				21DE4DF82616213E00017879 /* Debug */,
				21DE4DF92616213E00017879 /* Release */,
			);
			defaultConfigurationIsVisible = 0;
			defaultConfigurationName = Release;
		};
/* End XCConfigurationList section */

/* Begin XCVersionGroup section */
		21DE4DF12616213E00017879 /* CoreDataProject.xcdatamodeld */ = {
			isa = XCVersionGroup;
			children = (
				21DE4DF22616213E00017879 /* CoreDataProject.xcdatamodel */,
			);
			currentVersion = 21DE4DF22616213E00017879 /* CoreDataProject.xcdatamodel */;
			path = CoreDataProject.xcdatamodeld;
			sourceTree = "<group>";
			versionGroupType = wrapper.xcdatamodel;
		};
/* End XCVersionGroup section */
	};
	rootObject = 21DE4DDB2616213A00017879 /* Project object */;
}
