// !$*UTF8*$!
{
	archiveVersion = 1;
	classes = {
	};
	objectVersion = 50;
	objects = {

/* Begin PBXBuildFile section */
		217BA5752619660F0004E03B /* User.swift in Sources */ = {isa = PBXBuildFile; fileRef = 217BA5742619660F0004E03B /* User.swift */; };
		217BA578261966210004E03B /* Friend.swift in Sources */ = {isa = PBXBuildFile; fileRef = 217BA577261966210004E03B /* Friend.swift */; };
		217BA57B261966580004E03B /* Icon.swift in Sources */ = {isa = PBXBuildFile; fileRef = 217BA57A261966580004E03B /* Icon.swift */; };
		21854A1126194BBC00C3A273 /* Project_10_12_ChallengeApp.swift in Sources */ = {isa = PBXBuildFile; fileRef = 21854A1026194BBC00C3A273 /* Project_10_12_ChallengeApp.swift */; };
		21854A1326194BBC00C3A273 /* ContentView.swift in Sources */ = {isa = PBXBuildFile; fileRef = 21854A1226194BBC00C3A273 /* ContentView.swift */; };
		21854A1526194BBD00C3A273 /* Assets.xcassets in Resources */ = {isa = PBXBuildFile; fileRef = 21854A1426194BBD00C3A273 /* Assets.xcassets */; };
		21854A1826194BBD00C3A273 /* Preview Assets.xcassets in Resources */ = {isa = PBXBuildFile; fileRef = 21854A1726194BBD00C3A273 /* Preview Assets.xcassets */; };
		21854A232619523F00C3A273 /* UserRow.swift in Sources */ = {isa = PBXBuildFile; fileRef = 21854A222619523F00C3A273 /* UserRow.swift */; };
		21854A272619528000C3A273 /* NetworkManager.swift in Sources */ = {isa = PBXBuildFile; fileRef = 21854A262619528000C3A273 /* NetworkManager.swift */; };
		21C766892619572800AEAE9F /* UserDetail.swift in Sources */ = {isa = PBXBuildFile; fileRef = 21C766882619572800AEAE9F /* UserDetail.swift */; };
/* End PBXBuildFile section */

/* Begin PBXFileReference section */
		217BA5742619660F0004E03B /* User.swift */ = {isa = PBXFileReference; lastKnownFileType = sourcecode.swift; path = User.swift; sourceTree = "<group>"; };
		217BA577261966210004E03B /* Friend.swift */ = {isa = PBXFileReference; lastKnownFileType = sourcecode.swift; path = Friend.swift; sourceTree = "<group>"; };
		217BA57A261966580004E03B /* Icon.swift */ = {isa = PBXFileReference; lastKnownFileType = sourcecode.swift; path = Icon.swift; sourceTree = "<group>"; };
		21854A0D26194BBC00C3A273 /* Project-10-12-Challenge.app */ = {isa = PBXFileReference; explicitFileType = wrapper.application; includeInIndex = 0; path = "Project-10-12-Challenge.app"; sourceTree = BUILT_PRODUCTS_DIR; };
		21854A1026194BBC00C3A273 /* Project_10_12_ChallengeApp.swift */ = {isa = PBXFileReference; lastKnownFileType = sourcecode.swift; path = Project_10_12_ChallengeApp.swift; sourceTree = "<group>"; };
		21854A1226194BBC00C3A273 /* ContentView.swift */ = {isa = PBXFileReference; lastKnownFileType = sourcecode.swift; path = ContentView.swift; sourceTree = "<group>"; };
		21854A1426194BBD00C3A273 /* Assets.xcassets */ = {isa = PBXFileReference; lastKnownFileType = folder.assetcatalog; path = Assets.xcassets; sourceTree = "<group>"; };
		21854A1726194BBD00C3A273 /* Preview Assets.xcassets */ = {isa = PBXFileReference; lastKnownFileType = folder.assetcatalog; path = "Preview Assets.xcassets"; sourceTree = "<group>"; };
		21854A1926194BBD00C3A273 /* Info.plist */ = {isa = PBXFileReference; lastKnownFileType = text.plist.xml; path = Info.plist; sourceTree = "<group>"; };
		21854A222619523F00C3A273 /* UserRow.swift */ = {isa = PBXFileReference; lastKnownFileType = sourcecode.swift; path = UserRow.swift; sourceTree = "<group>"; };
		21854A262619528000C3A273 /* NetworkManager.swift */ = {isa = PBXFileReference; lastKnownFileType = sourcecode.swift; path = NetworkManager.swift; sourceTree = "<group>"; };
		21C766882619572800AEAE9F /* UserDetail.swift */ = {isa = PBXFileReference; lastKnownFileType = sourcecode.swift; path = UserDetail.swift; sourceTree = "<group>"; };
/* End PBXFileReference section */

/* Begin PBXFrameworksBuildPhase section */
		21854A0A26194BBC00C3A273 /* Frameworks */ = {
			isa = PBXFrameworksBuildPhase;
			buildActionMask = 2147483647;
			files = (
			);
			runOnlyForDeploymentPostprocessing = 0;
		};
/* End PBXFrameworksBuildPhase section */

/* Begin PBXGroup section */
		217BA573261965F80004E03B /* Models */ = {
			isa = PBXGroup;
			children = (
				217BA5742619660F0004E03B /* User.swift */,
				217BA577261966210004E03B /* Friend.swift */,
			);
			path = Models;
			sourceTree = "<group>";
		};
		21854A0426194BBC00C3A273 = {
			isa = PBXGroup;
			children = (
				21854A0F26194BBC00C3A273 /* Project-10-12-Challenge */,
				21854A0E26194BBC00C3A273 /* Products */,
			);
			sourceTree = "<group>";
		};
		21854A0E26194BBC00C3A273 /* Products */ = {
			isa = PBXGroup;
			children = (
				21854A0D26194BBC00C3A273 /* Project-10-12-Challenge.app */,
			);
			name = Products;
			sourceTree = "<group>";
		};
		21854A0F26194BBC00C3A273 /* Project-10-12-Challenge */ = {
			isa = PBXGroup;
			children = (
				217BA573261965F80004E03B /* Models */,
				21854A212619523700C3A273 /* Screens */,
				21854A202619522F00C3A273 /* Views */,
				21854A1026194BBC00C3A273 /* Project_10_12_ChallengeApp.swift */,
				21854A1226194BBC00C3A273 /* ContentView.swift */,
				21854A1426194BBD00C3A273 /* Assets.xcassets */,
				21854A1926194BBD00C3A273 /* Info.plist */,
				21854A1626194BBD00C3A273 /* Preview Content */,
				21854A262619528000C3A273 /* NetworkManager.swift */,
			);
			path = "Project-10-12-Challenge";
			sourceTree = "<group>";
		};
		21854A1626194BBD00C3A273 /* Preview Content */ = {
			isa = PBXGroup;
			children = (
				21854A1726194BBD00C3A273 /* Preview Assets.xcassets */,
			);
			path = "Preview Content";
			sourceTree = "<group>";
		};
		21854A202619522F00C3A273 /* Views */ = {
			isa = PBXGroup;
			children = (
				21854A222619523F00C3A273 /* UserRow.swift */,
				217BA57A261966580004E03B /* Icon.swift */,
			);
			path = Views;
			sourceTree = "<group>";
		};
		21854A212619523700C3A273 /* Screens */ = {
			isa = PBXGroup;
			children = (
				21C766882619572800AEAE9F /* UserDetail.swift */,
			);
			path = Screens;
			sourceTree = "<group>";
		};
/* End PBXGroup section */

/* Begin PBXNativeTarget section */
		21854A0C26194BBC00C3A273 /* Project-10-12-Challenge */ = {
			isa = PBXNativeTarget;
			buildConfigurationList = 21854A1C26194BBD00C3A273 /* Build configuration list for PBXNativeTarget "Project-10-12-Challenge" */;
			buildPhases = (
				21854A0926194BBC00C3A273 /* Sources */,
				21854A0A26194BBC00C3A273 /* Frameworks */,
				21854A0B26194BBC00C3A273 /* Resources */,
			);
			buildRules = (
			);
			dependencies = (
			);
			name = "Project-10-12-Challenge";
			productName = "Project-10-12-Challenge";
			productReference = 21854A0D26194BBC00C3A273 /* Project-10-12-Challenge.app */;
			productType = "com.apple.product-type.application";
		};
/* End PBXNativeTarget section */

/* Begin PBXProject section */
		21854A0526194BBC00C3A273 /* Project object */ = {
			isa = PBXProject;
			attributes = {
				LastSwiftUpdateCheck = 1240;
				LastUpgradeCheck = 1240;
				TargetAttributes = {
					21854A0C26194BBC00C3A273 = {
						CreatedOnToolsVersion = 12.4;
					};
				};
			};
			buildConfigurationList = 21854A0826194BBC00C3A273 /* Build configuration list for PBXProject "Project-10-12-Challenge" */;
			compatibilityVersion = "Xcode 9.3";
			developmentRegion = en;
			hasScannedForEncodings = 0;
			knownRegions = (
				en,
				Base,
			);
			mainGroup = 21854A0426194BBC00C3A273;
			productRefGroup = 21854A0E26194BBC00C3A273 /* Products */;
			projectDirPath = "";
			projectRoot = "";
			targets = (
				21854A0C26194BBC00C3A273 /* Project-10-12-Challenge */,
			);
		};
/* End PBXProject section */

/* Begin PBXResourcesBuildPhase section */
		21854A0B26194BBC00C3A273 /* Resources */ = {
			isa = PBXResourcesBuildPhase;
			buildActionMask = 2147483647;
			files = (
				21854A1826194BBD00C3A273 /* Preview Assets.xcassets in Resources */,
				21854A1526194BBD00C3A273 /* Assets.xcassets in Resources */,
			);
			runOnlyForDeploymentPostprocessing = 0;
		};
/* End PBXResourcesBuildPhase section */

/* Begin PBXSourcesBuildPhase section */
		21854A0926194BBC00C3A273 /* Sources */ = {
			isa = PBXSourcesBuildPhase;
			buildActionMask = 2147483647;
			files = (
				21854A272619528000C3A273 /* NetworkManager.swift in Sources */,
				217BA578261966210004E03B /* Friend.swift in Sources */,
				21854A232619523F00C3A273 /* UserRow.swift in Sources */,
				217BA5752619660F0004E03B /* User.swift in Sources */,
				21854A1326194BBC00C3A273 /* ContentView.swift in Sources */,
				21C766892619572800AEAE9F /* UserDetail.swift in Sources */,
				217BA57B261966580004E03B /* Icon.swift in Sources */,
				21854A1126194BBC00C3A273 /* Project_10_12_ChallengeApp.swift in Sources */,
			);
			runOnlyForDeploymentPostprocessing = 0;
		};
/* End PBXSourcesBuildPhase section */

/* Begin XCBuildConfiguration section */
		21854A1A26194BBD00C3A273 /* Debug */ = {
			isa = XCBuildConfiguration;
			buildSettings = {
				ALWAYS_SEARCH_USER_PATHS = NO;
				CLANG_ANALYZER_NONNULL = YES;
				CLANG_ANALYZER_NUMBER_OBJECT_CONVERSION = YES_AGGRESSIVE;
				CLANG_CXX_LANGUAGE_STANDARD = "gnu++14";
				CLANG_CXX_LIBRARY = "libc++";
				CLANG_ENABLE_MODULES = YES;
				CLANG_ENABLE_OBJC_ARC = YES;
				CLANG_ENABLE_OBJC_WEAK = YES;
				CLANG_WARN_BLOCK_CAPTURE_AUTORELEASING = YES;
				CLANG_WARN_BOOL_CONVERSION = YES;
				CLANG_WARN_COMMA = YES;
				CLANG_WARN_CONSTANT_CONVERSION = YES;
				CLANG_WARN_DEPRECATED_OBJC_IMPLEMENTATIONS = YES;
				CLANG_WARN_DIRECT_OBJC_ISA_USAGE = YES_ERROR;
				CLANG_WARN_DOCUMENTATION_COMMENTS = YES;
				CLANG_WARN_EMPTY_BODY = YES;
				CLANG_WARN_ENUM_CONVERSION = YES;
				CLANG_WARN_INFINITE_RECURSION = YES;
				CLANG_WARN_INT_CONVERSION = YES;
				CLANG_WARN_NON_LITERAL_NULL_CONVERSION = YES;
				CLANG_WARN_OBJC_IMPLICIT_RETAIN_SELF = YES;
				CLANG_WARN_OBJC_LITERAL_CONVERSION = YES;
				CLANG_WARN_OBJC_ROOT_CLASS = YES_ERROR;
				CLANG_WARN_QUOTED_INCLUDE_IN_FRAMEWORK_HEADER = YES;
				CLANG_WARN_RANGE_LOOP_ANALYSIS = YES;
				CLANG_WARN_STRICT_PROTOTYPES = YES;
				CLANG_WARN_SUSPICIOUS_MOVE = YES;
				CLANG_WARN_UNGUARDED_AVAILABILITY = YES_AGGRESSIVE;
				CLANG_WARN_UNREACHABLE_CODE = YES;
				CLANG_WARN__DUPLICATE_METHOD_MATCH = YES;
				COPY_PHASE_STRIP = NO;
				DEBUG_INFORMATION_FORMAT = dwarf;
				ENABLE_STRICT_OBJC_MSGSEND = YES;
				ENABLE_TESTABILITY = YES;
				GCC_C_LANGUAGE_STANDARD = gnu11;
				GCC_DYNAMIC_NO_PIC = NO;
				GCC_NO_COMMON_BLOCKS = YES;
				GCC_OPTIMIZATION_LEVEL = 0;
				GCC_PREPROCESSOR_DEFINITIONS = (
					"DEBUG=1",
					"$(inherited)",
				);
				GCC_WARN_64_TO_32_BIT_CONVERSION = YES;
				GCC_WARN_ABOUT_RETURN_TYPE = YES_ERROR;
				GCC_WARN_UNDECLARED_SELECTOR = YES;
				GCC_WARN_UNINITIALIZED_AUTOS = YES_AGGRESSIVE;
				GCC_WARN_UNUSED_FUNCTION = YES;
				GCC_WARN_UNUSED_VARIABLE = YES;
				IPHONEOS_DEPLOYMENT_TARGET = 14.4;
				MTL_ENABLE_DEBUG_INFO = INCLUDE_SOURCE;
				MTL_FAST_MATH = YES;
				ONLY_ACTIVE_ARCH = YES;
				SDKROOT = iphoneos;
				SWIFT_ACTIVE_COMPILATION_CONDITIONS = DEBUG;
				SWIFT_OPTIMIZATION_LEVEL = "-Onone";
			};
			name = Debug;
		};
		21854A1B26194BBD00C3A273 /* Release */ = {
			isa = XCBuildConfiguration;
			buildSettings = {
				ALWAYS_SEARCH_USER_PATHS = NO;
				CLANG_ANALYZER_NONNULL = YES;
				CLANG_ANALYZER_NUMBER_OBJECT_CONVERSION = YES_AGGRESSIVE;
				CLANG_CXX_LANGUAGE_STANDARD = "gnu++14";
				CLANG_CXX_LIBRARY = "libc++";
				CLANG_ENABLE_MODULES = YES;
				CLANG_ENABLE_OBJC_ARC = YES;
				CLANG_ENABLE_OBJC_WEAK = YES;
				CLANG_WARN_BLOCK_CAPTURE_AUTORELEASING = YES;
				CLANG_WARN_BOOL_CONVERSION = YES;
				CLANG_WARN_COMMA = YES;
				CLANG_WARN_CONSTANT_CONVERSION = YES;
				CLANG_WARN_DEPRECATED_OBJC_IMPLEMENTATIONS = YES;
				CLANG_WARN_DIRECT_OBJC_ISA_USAGE = YES_ERROR;
				CLANG_WARN_DOCUMENTATION_COMMENTS = YES;
				CLANG_WARN_EMPTY_BODY = YES;
				CLANG_WARN_ENUM_CONVERSION = YES;
				CLANG_WARN_INFINITE_RECURSION = YES;
				CLANG_WARN_INT_CONVERSION = YES;
				CLANG_WARN_NON_LITERAL_NULL_CONVERSION = YES;
				CLANG_WARN_OBJC_IMPLICIT_RETAIN_SELF = YES;
				CLANG_WARN_OBJC_LITERAL_CONVERSION = YES;
				CLANG_WARN_OBJC_ROOT_CLASS = YES_ERROR;
				CLANG_WARN_QUOTED_INCLUDE_IN_FRAMEWORK_HEADER = YES;
				CLANG_WARN_RANGE_LOOP_ANALYSIS = YES;
				CLANG_WARN_STRICT_PROTOTYPES = YES;
				CLANG_WARN_SUSPICIOUS_MOVE = YES;
				CLANG_WARN_UNGUARDED_AVAILABILITY = YES_AGGRESSIVE;
				CLANG_WARN_UNREACHABLE_CODE = YES;
				CLANG_WARN__DUPLICATE_METHOD_MATCH = YES;
				COPY_PHASE_STRIP = NO;
				DEBUG_INFORMATION_FORMAT = "dwarf-with-dsym";
				ENABLE_NS_ASSERTIONS = NO;
				ENABLE_STRICT_OBJC_MSGSEND = YES;
				GCC_C_LANGUAGE_STANDARD = gnu11;
				GCC_NO_COMMON_BLOCKS = YES;
				GCC_WARN_64_TO_32_BIT_CONVERSION = YES;
				GCC_WARN_ABOUT_RETURN_TYPE = YES_ERROR;
				GCC_WARN_UNDECLARED_SELECTOR = YES;
				GCC_WARN_UNINITIALIZED_AUTOS = YES_AGGRESSIVE;
				GCC_WARN_UNUSED_FUNCTION = YES;
				GCC_WARN_UNUSED_VARIABLE = YES;
				IPHONEOS_DEPLOYMENT_TARGET = 14.4;
				MTL_ENABLE_DEBUG_INFO = NO;
				MTL_FAST_MATH = YES;
				SDKROOT = iphoneos;
				SWIFT_COMPILATION_MODE = wholemodule;
				SWIFT_OPTIMIZATION_LEVEL = "-O";
				VALIDATE_PRODUCT = YES;
			};
			name = Release;
		};
		21854A1D26194BBD00C3A273 /* Debug */ = {
			isa = XCBuildConfiguration;
			buildSettings = {
				ASSETCATALOG_COMPILER_APPICON_NAME = AppIcon;
				ASSETCATALOG_COMPILER_GLOBAL_ACCENT_COLOR_NAME = AccentColor;
				CODE_SIGN_STYLE = Automatic;
				DEVELOPMENT_ASSET_PATHS = "\"Project-10-12-Challenge/Preview Content\"";
				DEVELOPMENT_TEAM = SVNZBC4323;
				ENABLE_PREVIEWS = YES;
				INFOPLIST_FILE = "Project-10-12-Challenge/Info.plist";
				IPHONEOS_DEPLOYMENT_TARGET = 14.0;
				LD_RUNPATH_SEARCH_PATHS = (
					"$(inherited)",
					"@executable_path/Frameworks",
				);
				PRODUCT_BUNDLE_IDENTIFIER = "com.example.Project-10-12-Challenge";
				PRODUCT_NAME = "$(TARGET_NAME)";
				SWIFT_VERSION = 5.0;
				TARGETED_DEVICE_FAMILY = "1,2";
			};
			name = Debug;
		};
		21854A1E26194BBD00C3A273 /* Release */ = {
			isa = XCBuildConfiguration;
			buildSettings = {
				ASSETCATALOG_COMPILER_APPICON_NAME = AppIcon;
				ASSETCATALOG_COMPILER_GLOBAL_ACCENT_COLOR_NAME = AccentColor;
				CODE_SIGN_STYLE = Automatic;
				DEVELOPMENT_ASSET_PATHS = "\"Project-10-12-Challenge/Preview Content\"";
				DEVELOPMENT_TEAM = SVNZBC4323;
				ENABLE_PREVIEWS = YES;
				INFOPLIST_FILE = "Project-10-12-Challenge/Info.plist";
				IPHONEOS_DEPLOYMENT_TARGET = 14.0;
				LD_RUNPATH_SEARCH_PATHS = (
					"$(inherited)",
					"@executable_path/Frameworks",
				);
				PRODUCT_BUNDLE_IDENTIFIER = "com.example.Project-10-12-Challenge";
				PRODUCT_NAME = "$(TARGET_NAME)";
				SWIFT_VERSION = 5.0;
				TARGETED_DEVICE_FAMILY = "1,2";
			};
			name = Release;
		};
/* End XCBuildConfiguration section */

/* Begin XCConfigurationList section */
		21854A0826194BBC00C3A273 /* Build configuration list for PBXProject "Project-10-12-Challenge" */ = {
			isa = XCConfigurationList;
			buildConfigurations = (
				21854A1A26194BBD00C3A273 /* Debug */,
				21854A1B26194BBD00C3A273 /* Release */,
			);
			defaultConfigurationIsVisible = 0;
			defaultConfigurationName = Release;
		};
		21854A1C26194BBD00C3A273 /* Build configuration list for PBXNativeTarget "Project-10-12-Challenge" */ = {
			isa = XCConfigurationList;
			buildConfigurations = (
				21854A1D26194BBD00C3A273 /* Debug */,
				21854A1E26194BBD00C3A273 /* Release */,
			);
			defaultConfigurationIsVisible = 0;
			defaultConfigurationName = Release;
		};
/* End XCConfigurationList section */
	};
	rootObject = 21854A0526194BBC00C3A273 /* Project object */;
}
