// !$*UTF8*$!
{
	archiveVersion = 1;
	classes = {
	};
	objectVersion = 50;
	objects = {

/* Begin PBXBuildFile section */
		2121CA1926E0C45200A7C7CB /* Settings.swift in Sources */ = {isa = PBXBuildFile; fileRef = 2121CA1826E0C45200A7C7CB /* Settings.swift */; };
		2121CA1B26E0C69000A7C7CB /* SettingsView.swift in Sources */ = {isa = PBXBuildFile; fileRef = 2121CA1A26E0C69000A7C7CB /* SettingsView.swift */; };
		2121CA1D26E0DE4F00A7C7CB /* SettingsData.swift in Sources */ = {isa = PBXBuildFile; fileRef = 2121CA1C26E0DE4F00A7C7CB /* SettingsData.swift */; };
		21AE16AC261E8224003F89F3 /* FlashzillaApp.swift in Sources */ = {isa = PBXBuildFile; fileRef = 21AE16AB261E8224003F89F3 /* FlashzillaApp.swift */; };
		21AE16AE261E8224003F89F3 /* ContentView.swift in Sources */ = {isa = PBXBuildFile; fileRef = 21AE16AD261E8224003F89F3 /* ContentView.swift */; };
		21AE16B0261E8225003F89F3 /* Assets.xcassets in Resources */ = {isa = PBXBuildFile; fileRef = 21AE16AF261E8225003F89F3 /* Assets.xcassets */; };
		21AE16B3261E8225003F89F3 /* Preview Assets.xcassets in Resources */ = {isa = PBXBuildFile; fileRef = 21AE16B2261E8225003F89F3 /* Preview Assets.xcassets */; };
		21BB8C3526DB745800F66945 /* Card.swift in Sources */ = {isa = PBXBuildFile; fileRef = 21BB8C3426DB745800F66945 /* Card.swift */; };
		21BB8C3826DB747700F66945 /* CardView.swift in Sources */ = {isa = PBXBuildFile; fileRef = 21BB8C3726DB747700F66945 /* CardView.swift */; };
		21BB8C3B26DB74FB00F66945 /* Game.swift in Sources */ = {isa = PBXBuildFile; fileRef = 21BB8C3A26DB74FB00F66945 /* Game.swift */; };
		21BB8C3D26DB7EC300F66945 /* GameOverView.swift in Sources */ = {isa = PBXBuildFile; fileRef = 21BB8C3C26DB7EC300F66945 /* GameOverView.swift */; };
		21C3361126DCE6A300983FA4 /* AddQuestionView.swift in Sources */ = {isa = PBXBuildFile; fileRef = 21C3361026DCE6A200983FA4 /* AddQuestionView.swift */; };
		21C3361326DCE6E400983FA4 /* EditScreen.swift in Sources */ = {isa = PBXBuildFile; fileRef = 21C3361226DCE6E400983FA4 /* EditScreen.swift */; };
		21C354EA26E06A8C00F4D9E1 /* AudioPlayer.swift in Sources */ = {isa = PBXBuildFile; fileRef = 21C354E926E06A8C00F4D9E1 /* AudioPlayer.swift */; };
		21C354F426E0714B00F4D9E1 /* correct.wav in Resources */ = {isa = PBXBuildFile; fileRef = 21C354F326E0714B00F4D9E1 /* correct.wav */; };
		21C354F626E0732700F4D9E1 /* HapticEngine.swift in Sources */ = {isa = PBXBuildFile; fileRef = 21C354F526E0732700F4D9E1 /* HapticEngine.swift */; };
		21C354F926E0769D00F4D9E1 /* ViewExtensions.swift in Sources */ = {isa = PBXBuildFile; fileRef = 21C354F826E0769D00F4D9E1 /* ViewExtensions.swift */; };
		21C354FB26E08B0900F4D9E1 /* PurpleIconButtonStyle.swift in Sources */ = {isa = PBXBuildFile; fileRef = 21C354FA26E08B0900F4D9E1 /* PurpleIconButtonStyle.swift */; };
/* End PBXBuildFile section */

/* Begin PBXFileReference section */
		2121CA1826E0C45200A7C7CB /* Settings.swift */ = {isa = PBXFileReference; lastKnownFileType = sourcecode.swift; path = Settings.swift; sourceTree = "<group>"; };
		2121CA1A26E0C69000A7C7CB /* SettingsView.swift */ = {isa = PBXFileReference; lastKnownFileType = sourcecode.swift; path = SettingsView.swift; sourceTree = "<group>"; };
		2121CA1C26E0DE4F00A7C7CB /* SettingsData.swift */ = {isa = PBXFileReference; lastKnownFileType = sourcecode.swift; path = SettingsData.swift; sourceTree = "<group>"; };
		21AE16A8261E8224003F89F3 /* Flashzilla.app */ = {isa = PBXFileReference; explicitFileType = wrapper.application; includeInIndex = 0; path = Flashzilla.app; sourceTree = BUILT_PRODUCTS_DIR; };
		21AE16AB261E8224003F89F3 /* FlashzillaApp.swift */ = {isa = PBXFileReference; lastKnownFileType = sourcecode.swift; path = FlashzillaApp.swift; sourceTree = "<group>"; };
		21AE16AD261E8224003F89F3 /* ContentView.swift */ = {isa = PBXFileReference; lastKnownFileType = sourcecode.swift; path = ContentView.swift; sourceTree = "<group>"; };
		21AE16AF261E8225003F89F3 /* Assets.xcassets */ = {isa = PBXFileReference; lastKnownFileType = folder.assetcatalog; path = Assets.xcassets; sourceTree = "<group>"; };
		21AE16B2261E8225003F89F3 /* Preview Assets.xcassets */ = {isa = PBXFileReference; lastKnownFileType = folder.assetcatalog; path = "Preview Assets.xcassets"; sourceTree = "<group>"; };
		21AE16B4261E8225003F89F3 /* Info.plist */ = {isa = PBXFileReference; lastKnownFileType = text.plist.xml; path = Info.plist; sourceTree = "<group>"; };
		21BB8C3426DB745800F66945 /* Card.swift */ = {isa = PBXFileReference; lastKnownFileType = sourcecode.swift; path = Card.swift; sourceTree = "<group>"; };
		21BB8C3726DB747700F66945 /* CardView.swift */ = {isa = PBXFileReference; lastKnownFileType = sourcecode.swift; path = CardView.swift; sourceTree = "<group>"; };
		21BB8C3A26DB74FB00F66945 /* Game.swift */ = {isa = PBXFileReference; lastKnownFileType = sourcecode.swift; path = Game.swift; sourceTree = "<group>"; };
		21BB8C3C26DB7EC300F66945 /* GameOverView.swift */ = {isa = PBXFileReference; lastKnownFileType = sourcecode.swift; path = GameOverView.swift; sourceTree = "<group>"; };
		21C3361026DCE6A200983FA4 /* AddQuestionView.swift */ = {isa = PBXFileReference; lastKnownFileType = sourcecode.swift; path = AddQuestionView.swift; sourceTree = "<group>"; };
		21C3361226DCE6E400983FA4 /* EditScreen.swift */ = {isa = PBXFileReference; lastKnownFileType = sourcecode.swift; path = EditScreen.swift; sourceTree = "<group>"; };
		21C354E926E06A8C00F4D9E1 /* AudioPlayer.swift */ = {isa = PBXFileReference; lastKnownFileType = sourcecode.swift; path = AudioPlayer.swift; sourceTree = "<group>"; };
		21C354F326E0714B00F4D9E1 /* correct.wav */ = {isa = PBXFileReference; lastKnownFileType = audio.wav; path = correct.wav; sourceTree = "<group>"; };
		21C354F526E0732700F4D9E1 /* HapticEngine.swift */ = {isa = PBXFileReference; lastKnownFileType = sourcecode.swift; path = HapticEngine.swift; sourceTree = "<group>"; };
		21C354F826E0769D00F4D9E1 /* ViewExtensions.swift */ = {isa = PBXFileReference; lastKnownFileType = sourcecode.swift; path = ViewExtensions.swift; sourceTree = "<group>"; };
		21C354FA26E08B0900F4D9E1 /* PurpleIconButtonStyle.swift */ = {isa = PBXFileReference; lastKnownFileType = sourcecode.swift; path = PurpleIconButtonStyle.swift; sourceTree = "<group>"; };
/* End PBXFileReference section */

/* Begin PBXFrameworksBuildPhase section */
		21AE16A5261E8224003F89F3 /* Frameworks */ = {
			isa = PBXFrameworksBuildPhase;
			buildActionMask = 2147483647;
			files = (
			);
			runOnlyForDeploymentPostprocessing = 0;
		};
/* End PBXFrameworksBuildPhase section */

/* Begin PBXGroup section */
		21AE169F261E8224003F89F3 = {
			isa = PBXGroup;
			children = (
				21AE16AA261E8224003F89F3 /* Flashzilla */,
				21AE16A9261E8224003F89F3 /* Products */,
			);
			sourceTree = "<group>";
		};
		21AE16A9261E8224003F89F3 /* Products */ = {
			isa = PBXGroup;
			children = (
				21AE16A8261E8224003F89F3 /* Flashzilla.app */,
			);
			name = Products;
			sourceTree = "<group>";
		};
		21AE16AA261E8224003F89F3 /* Flashzilla */ = {
			isa = PBXGroup;
			children = (
				21AE16AB261E8224003F89F3 /* FlashzillaApp.swift */,
				21AE16AD261E8224003F89F3 /* ContentView.swift */,
				21C354F726E0767800F4D9E1 /* Utilities */,
				21C354EE26E06C1200F4D9E1 /* Assets */,
				21C354E726E0679E00F4D9E1 /* Model */,
				21BB8C3626DB746C00F66945 /* Views */,
				21BB8C3926DB749900F66945 /* View Model */,
				21AE16AF261E8225003F89F3 /* Assets.xcassets */,
				21AE16B4261E8225003F89F3 /* Info.plist */,
				21AE16B1261E8225003F89F3 /* Preview Content */,
			);
			path = Flashzilla;
			sourceTree = "<group>";
		};
		21AE16B1261E8225003F89F3 /* Preview Content */ = {
			isa = PBXGroup;
			children = (
				21AE16B2261E8225003F89F3 /* Preview Assets.xcassets */,
			);
			path = "Preview Content";
			sourceTree = "<group>";
		};
		21BB8C3626DB746C00F66945 /* Views */ = {
			isa = PBXGroup;
			children = (
				21BB8C3726DB747700F66945 /* CardView.swift */,
				21C3361226DCE6E400983FA4 /* EditScreen.swift */,
				21BB8C3C26DB7EC300F66945 /* GameOverView.swift */,
				21C3361026DCE6A200983FA4 /* AddQuestionView.swift */,
				2121CA1A26E0C69000A7C7CB /* SettingsView.swift */,
			);
			path = Views;
			sourceTree = "<group>";
		};
		21BB8C3926DB749900F66945 /* View Model */ = {
			isa = PBXGroup;
			children = (
				21BB8C3A26DB74FB00F66945 /* Game.swift */,
				2121CA1C26E0DE4F00A7C7CB /* SettingsData.swift */,
			);
			path = "View Model";
			sourceTree = "<group>";
		};
		21C354E726E0679E00F4D9E1 /* Model */ = {
			isa = PBXGroup;
			children = (
				21BB8C3426DB745800F66945 /* Card.swift */,
				2121CA1826E0C45200A7C7CB /* Settings.swift */,
			);
			path = Model;
			sourceTree = "<group>";
		};
		21C354EE26E06C1200F4D9E1 /* Assets */ = {
			isa = PBXGroup;
			children = (
				21C354F326E0714B00F4D9E1 /* correct.wav */,
			);
			path = Assets;
			sourceTree = "<group>";
		};
		21C354F726E0767800F4D9E1 /* Utilities */ = {
			isa = PBXGroup;
			children = (
				21C354F526E0732700F4D9E1 /* HapticEngine.swift */,
				21C354E926E06A8C00F4D9E1 /* AudioPlayer.swift */,
				21C354F826E0769D00F4D9E1 /* ViewExtensions.swift */,
				21C354FA26E08B0900F4D9E1 /* PurpleIconButtonStyle.swift */,
			);
			path = Utilities;
			sourceTree = "<group>";
		};
/* End PBXGroup section */

/* Begin PBXNativeTarget section */
		21AE16A7261E8224003F89F3 /* Flashzilla */ = {
			isa = PBXNativeTarget;
			buildConfigurationList = 21AE16B7261E8225003F89F3 /* Build configuration list for PBXNativeTarget "Flashzilla" */;
			buildPhases = (
				21AE16A4261E8224003F89F3 /* Sources */,
				21AE16A5261E8224003F89F3 /* Frameworks */,
				21AE16A6261E8224003F89F3 /* Resources */,
			);
			buildRules = (
			);
			dependencies = (
			);
			name = Flashzilla;
			productName = Flashzilla;
			productReference = 21AE16A8261E8224003F89F3 /* Flashzilla.app */;
			productType = "com.apple.product-type.application";
		};
/* End PBXNativeTarget section */

/* Begin PBXProject section */
		21AE16A0261E8224003F89F3 /* Project object */ = {
			isa = PBXProject;
			attributes = {
				LastSwiftUpdateCheck = 1240;
				LastUpgradeCheck = 1240;
				TargetAttributes = {
					21AE16A7261E8224003F89F3 = {
						CreatedOnToolsVersion = 12.4;
					};
				};
			};
			buildConfigurationList = 21AE16A3261E8224003F89F3 /* Build configuration list for PBXProject "Flashzilla" */;
			compatibilityVersion = "Xcode 9.3";
			developmentRegion = en;
			hasScannedForEncodings = 0;
			knownRegions = (
				en,
				Base,
			);
			mainGroup = 21AE169F261E8224003F89F3;
			productRefGroup = 21AE16A9261E8224003F89F3 /* Products */;
			projectDirPath = "";
			projectRoot = "";
			targets = (
				21AE16A7261E8224003F89F3 /* Flashzilla */,
			);
		};
/* End PBXProject section */

/* Begin PBXResourcesBuildPhase section */
		21AE16A6261E8224003F89F3 /* Resources */ = {
			isa = PBXResourcesBuildPhase;
			buildActionMask = 2147483647;
			files = (
				21AE16B3261E8225003F89F3 /* Preview Assets.xcassets in Resources */,
				21AE16B0261E8225003F89F3 /* Assets.xcassets in Resources */,
				21C354F426E0714B00F4D9E1 /* correct.wav in Resources */,
			);
			runOnlyForDeploymentPostprocessing = 0;
		};
/* End PBXResourcesBuildPhase section */

/* Begin PBXSourcesBuildPhase section */
		21AE16A4261E8224003F89F3 /* Sources */ = {
			isa = PBXSourcesBuildPhase;
			buildActionMask = 2147483647;
			files = (
				21C354F926E0769D00F4D9E1 /* ViewExtensions.swift in Sources */,
				21AE16AE261E8224003F89F3 /* ContentView.swift in Sources */,
				2121CA1D26E0DE4F00A7C7CB /* SettingsData.swift in Sources */,
				2121CA1926E0C45200A7C7CB /* Settings.swift in Sources */,
				21C3361326DCE6E400983FA4 /* EditScreen.swift in Sources */,
				21C354EA26E06A8C00F4D9E1 /* AudioPlayer.swift in Sources */,
				21BB8C3B26DB74FB00F66945 /* Game.swift in Sources */,
				21C3361126DCE6A300983FA4 /* AddQuestionView.swift in Sources */,
				2121CA1B26E0C69000A7C7CB /* SettingsView.swift in Sources */,
				21BB8C3526DB745800F66945 /* Card.swift in Sources */,
				21C354F626E0732700F4D9E1 /* HapticEngine.swift in Sources */,
				21C354FB26E08B0900F4D9E1 /* PurpleIconButtonStyle.swift in Sources */,
				21BB8C3826DB747700F66945 /* CardView.swift in Sources */,
				21BB8C3D26DB7EC300F66945 /* GameOverView.swift in Sources */,
				21AE16AC261E8224003F89F3 /* FlashzillaApp.swift in Sources */,
			);
			runOnlyForDeploymentPostprocessing = 0;
		};
/* End PBXSourcesBuildPhase section */

/* Begin XCBuildConfiguration section */
		21AE16B5261E8225003F89F3 /* Debug */ = {
			isa = XCBuildConfiguration;
			buildSettings = {
				ALWAYS_SEARCH_USER_PATHS = NO;
				CLANG_ANALYZER_NONNULL = YES;
				CLANG_ANALYZER_NUMBER_OBJECT_CONVERSION = YES_AGGRESSIVE;
				CLANG_CXX_LANGUAGE_STANDARD = "gnu++14";
				CLANG_CXX_LIBRARY = "libc++";
				CLANG_ENABLE_MODULES = YES;
				CLANG_ENABLE_OBJC_ARC = YES;
				CLANG_ENABLE_OBJC_WEAK = YES;
				CLANG_WARN_BLOCK_CAPTURE_AUTORELEASING = YES;
				CLANG_WARN_BOOL_CONVERSION = YES;
				CLANG_WARN_COMMA = YES;
				CLANG_WARN_CONSTANT_CONVERSION = YES;
				CLANG_WARN_DEPRECATED_OBJC_IMPLEMENTATIONS = YES;
				CLANG_WARN_DIRECT_OBJC_ISA_USAGE = YES_ERROR;
				CLANG_WARN_DOCUMENTATION_COMMENTS = YES;
				CLANG_WARN_EMPTY_BODY = YES;
				CLANG_WARN_ENUM_CONVERSION = YES;
				CLANG_WARN_INFINITE_RECURSION = YES;
				CLANG_WARN_INT_CONVERSION = YES;
				CLANG_WARN_NON_LITERAL_NULL_CONVERSION = YES;
				CLANG_WARN_OBJC_IMPLICIT_RETAIN_SELF = YES;
				CLANG_WARN_OBJC_LITERAL_CONVERSION = YES;
				CLANG_WARN_OBJC_ROOT_CLASS = YES_ERROR;
				CLANG_WARN_QUOTED_INCLUDE_IN_FRAMEWORK_HEADER = YES;
				CLANG_WARN_RANGE_LOOP_ANALYSIS = YES;
				CLANG_WARN_STRICT_PROTOTYPES = YES;
				CLANG_WARN_SUSPICIOUS_MOVE = YES;
				CLANG_WARN_UNGUARDED_AVAILABILITY = YES_AGGRESSIVE;
				CLANG_WARN_UNREACHABLE_CODE = YES;
				CLANG_WARN__DUPLICATE_METHOD_MATCH = YES;
				COPY_PHASE_STRIP = NO;
				DEBUG_INFORMATION_FORMAT = dwarf;
				ENABLE_STRICT_OBJC_MSGSEND = YES;
				ENABLE_TESTABILITY = YES;
				GCC_C_LANGUAGE_STANDARD = gnu11;
				GCC_DYNAMIC_NO_PIC = NO;
				GCC_NO_COMMON_BLOCKS = YES;
				GCC_OPTIMIZATION_LEVEL = 0;
				GCC_PREPROCESSOR_DEFINITIONS = (
					"DEBUG=1",
					"$(inherited)",
				);
				GCC_WARN_64_TO_32_BIT_CONVERSION = YES;
				GCC_WARN_ABOUT_RETURN_TYPE = YES_ERROR;
				GCC_WARN_UNDECLARED_SELECTOR = YES;
				GCC_WARN_UNINITIALIZED_AUTOS = YES_AGGRESSIVE;
				GCC_WARN_UNUSED_FUNCTION = YES;
				GCC_WARN_UNUSED_VARIABLE = YES;
				IPHONEOS_DEPLOYMENT_TARGET = 14.4;
				MTL_ENABLE_DEBUG_INFO = INCLUDE_SOURCE;
				MTL_FAST_MATH = YES;
				ONLY_ACTIVE_ARCH = YES;
				SDKROOT = iphoneos;
				SWIFT_ACTIVE_COMPILATION_CONDITIONS = DEBUG;
				SWIFT_OPTIMIZATION_LEVEL = "-Onone";
			};
			name = Debug;
		};
		21AE16B6261E8225003F89F3 /* Release */ = {
			isa = XCBuildConfiguration;
			buildSettings = {
				ALWAYS_SEARCH_USER_PATHS = NO;
				CLANG_ANALYZER_NONNULL = YES;
				CLANG_ANALYZER_NUMBER_OBJECT_CONVERSION = YES_AGGRESSIVE;
				CLANG_CXX_LANGUAGE_STANDARD = "gnu++14";
				CLANG_CXX_LIBRARY = "libc++";
				CLANG_ENABLE_MODULES = YES;
				CLANG_ENABLE_OBJC_ARC = YES;
				CLANG_ENABLE_OBJC_WEAK = YES;
				CLANG_WARN_BLOCK_CAPTURE_AUTORELEASING = YES;
				CLANG_WARN_BOOL_CONVERSION = YES;
				CLANG_WARN_COMMA = YES;
				CLANG_WARN_CONSTANT_CONVERSION = YES;
				CLANG_WARN_DEPRECATED_OBJC_IMPLEMENTATIONS = YES;
				CLANG_WARN_DIRECT_OBJC_ISA_USAGE = YES_ERROR;
				CLANG_WARN_DOCUMENTATION_COMMENTS = YES;
				CLANG_WARN_EMPTY_BODY = YES;
				CLANG_WARN_ENUM_CONVERSION = YES;
				CLANG_WARN_INFINITE_RECURSION = YES;
				CLANG_WARN_INT_CONVERSION = YES;
				CLANG_WARN_NON_LITERAL_NULL_CONVERSION = YES;
				CLANG_WARN_OBJC_IMPLICIT_RETAIN_SELF = YES;
				CLANG_WARN_OBJC_LITERAL_CONVERSION = YES;
				CLANG_WARN_OBJC_ROOT_CLASS = YES_ERROR;
				CLANG_WARN_QUOTED_INCLUDE_IN_FRAMEWORK_HEADER = YES;
				CLANG_WARN_RANGE_LOOP_ANALYSIS = YES;
				CLANG_WARN_STRICT_PROTOTYPES = YES;
				CLANG_WARN_SUSPICIOUS_MOVE = YES;
				CLANG_WARN_UNGUARDED_AVAILABILITY = YES_AGGRESSIVE;
				CLANG_WARN_UNREACHABLE_CODE = YES;
				CLANG_WARN__DUPLICATE_METHOD_MATCH = YES;
				COPY_PHASE_STRIP = NO;
				DEBUG_INFORMATION_FORMAT = "dwarf-with-dsym";
				ENABLE_NS_ASSERTIONS = NO;
				ENABLE_STRICT_OBJC_MSGSEND = YES;
				GCC_C_LANGUAGE_STANDARD = gnu11;
				GCC_NO_COMMON_BLOCKS = YES;
				GCC_WARN_64_TO_32_BIT_CONVERSION = YES;
				GCC_WARN_ABOUT_RETURN_TYPE = YES_ERROR;
				GCC_WARN_UNDECLARED_SELECTOR = YES;
				GCC_WARN_UNINITIALIZED_AUTOS = YES_AGGRESSIVE;
				GCC_WARN_UNUSED_FUNCTION = YES;
				GCC_WARN_UNUSED_VARIABLE = YES;
				IPHONEOS_DEPLOYMENT_TARGET = 14.4;
				MTL_ENABLE_DEBUG_INFO = NO;
				MTL_FAST_MATH = YES;
				SDKROOT = iphoneos;
				SWIFT_COMPILATION_MODE = wholemodule;
				SWIFT_OPTIMIZATION_LEVEL = "-O";
				VALIDATE_PRODUCT = YES;
			};
			name = Release;
		};
		21AE16B8261E8225003F89F3 /* Debug */ = {
			isa = XCBuildConfiguration;
			buildSettings = {
				ASSETCATALOG_COMPILER_APPICON_NAME = AppIcon;
				ASSETCATALOG_COMPILER_GLOBAL_ACCENT_COLOR_NAME = AccentColor;
				CODE_SIGN_STYLE = Automatic;
				DEVELOPMENT_ASSET_PATHS = "\"Flashzilla/Preview Content\"";
				DEVELOPMENT_TEAM = SVNZBC4323;
				ENABLE_PREVIEWS = YES;
				INFOPLIST_FILE = Flashzilla/Info.plist;
				IPHONEOS_DEPLOYMENT_TARGET = 14.0;
				LD_RUNPATH_SEARCH_PATHS = (
					"$(inherited)",
					"@executable_path/Frameworks",
				);
				PRODUCT_BUNDLE_IDENTIFIER = com.example.Flashzilla;
				PRODUCT_NAME = "$(TARGET_NAME)";
				SWIFT_VERSION = 5.0;
				TARGETED_DEVICE_FAMILY = "1,2";
			};
			name = Debug;
		};
		21AE16B9261E8225003F89F3 /* Release */ = {
			isa = XCBuildConfiguration;
			buildSettings = {
				ASSETCATALOG_COMPILER_APPICON_NAME = AppIcon;
				ASSETCATALOG_COMPILER_GLOBAL_ACCENT_COLOR_NAME = AccentColor;
				CODE_SIGN_STYLE = Automatic;
				DEVELOPMENT_ASSET_PATHS = "\"Flashzilla/Preview Content\"";
				DEVELOPMENT_TEAM = SVNZBC4323;
				ENABLE_PREVIEWS = YES;
				INFOPLIST_FILE = Flashzilla/Info.plist;
				IPHONEOS_DEPLOYMENT_TARGET = 14.0;
				LD_RUNPATH_SEARCH_PATHS = (
					"$(inherited)",
					"@executable_path/Frameworks",
				);
				PRODUCT_BUNDLE_IDENTIFIER = com.example.Flashzilla;
				PRODUCT_NAME = "$(TARGET_NAME)";
				SWIFT_VERSION = 5.0;
				TARGETED_DEVICE_FAMILY = "1,2";
			};
			name = Release;
		};
/* End XCBuildConfiguration section */

/* Begin XCConfigurationList section */
		21AE16A3261E8224003F89F3 /* Build configuration list for PBXProject "Flashzilla" */ = {
			isa = XCConfigurationList;
			buildConfigurations = (
				21AE16B5261E8225003F89F3 /* Debug */,
				21AE16B6261E8225003F89F3 /* Release */,
			);
			defaultConfigurationIsVisible = 0;
			defaultConfigurationName = Release;
		};
		21AE16B7261E8225003F89F3 /* Build configuration list for PBXNativeTarget "Flashzilla" */ = {
			isa = XCConfigurationList;
			buildConfigurations = (
				21AE16B8261E8225003F89F3 /* Debug */,
				21AE16B9261E8225003F89F3 /* Release */,
			);
			defaultConfigurationIsVisible = 0;
			defaultConfigurationName = Release;
		};
/* End XCConfigurationList section */
	};
	rootObject = 21AE16A0261E8224003F89F3 /* Project object */;
}
