// !$*UTF8*$!
{
	archiveVersion = 1;
	classes = {
	};
	objectVersion = 50;
	objects = {

/* Begin PBXBuildFile section */
		211F7D3A2615D2600071286A /* AddBook.swift in Sources */ = {isa = PBXBuildFile; fileRef = 211F7D392615D2600071286A /* AddBook.swift */; };
		211F7D3E2615F11C0071286A /* Rating.swift in Sources */ = {isa = PBXBuildFile; fileRef = 211F7D3D2615F11C0071286A /* Rating.swift */; };
		211F7D462615F50D0071286A /* EmojiRating.swift in Sources */ = {isa = PBXBuildFile; fileRef = 211F7D452615F50D0071286A /* EmojiRating.swift */; };
		211F7D492615F7040071286A /* BookDetail.swift in Sources */ = {isa = PBXBuildFile; fileRef = 211F7D482615F7040071286A /* BookDetail.swift */; };
		211F7D502615FC8F0071286A /* LabeledImage.swift in Sources */ = {isa = PBXBuildFile; fileRef = 211F7D4F2615FC8F0071286A /* LabeledImage.swift */; };
		21CEC3AC2615C9B700489FB1 /* BookwormApp.swift in Sources */ = {isa = PBXBuildFile; fileRef = 21CEC3AB2615C9B700489FB1 /* BookwormApp.swift */; };
		21CEC3AE2615C9B700489FB1 /* ContentView.swift in Sources */ = {isa = PBXBuildFile; fileRef = 21CEC3AD2615C9B700489FB1 /* ContentView.swift */; };
		21CEC3B02615C9B900489FB1 /* Assets.xcassets in Resources */ = {isa = PBXBuildFile; fileRef = 21CEC3AF2615C9B900489FB1 /* Assets.xcassets */; };
		21CEC3B32615C9B900489FB1 /* Preview Assets.xcassets in Resources */ = {isa = PBXBuildFile; fileRef = 21CEC3B22615C9B900489FB1 /* Preview Assets.xcassets */; };
		21CEC3B52615C9B900489FB1 /* Persistence.swift in Sources */ = {isa = PBXBuildFile; fileRef = 21CEC3B42615C9B900489FB1 /* Persistence.swift */; };
		21CEC3B82615C9B900489FB1 /* Bookworm.xcdatamodeld in Sources */ = {isa = PBXBuildFile; fileRef = 21CEC3B62615C9B900489FB1 /* Bookworm.xcdatamodeld */; };
		21DE4DD82615FFBF00017879 /* BookRow.swift in Sources */ = {isa = PBXBuildFile; fileRef = 21DE4DD72615FFBF00017879 /* BookRow.swift */; };
/* End PBXBuildFile section */

/* Begin PBXFileReference section */
		211F7D392615D2600071286A /* AddBook.swift */ = {isa = PBXFileReference; lastKnownFileType = sourcecode.swift; path = AddBook.swift; sourceTree = "<group>"; };
		211F7D3D2615F11C0071286A /* Rating.swift */ = {isa = PBXFileReference; lastKnownFileType = sourcecode.swift; path = Rating.swift; sourceTree = "<group>"; };
		211F7D452615F50D0071286A /* EmojiRating.swift */ = {isa = PBXFileReference; lastKnownFileType = sourcecode.swift; path = EmojiRating.swift; sourceTree = "<group>"; };
		211F7D482615F7040071286A /* BookDetail.swift */ = {isa = PBXFileReference; lastKnownFileType = sourcecode.swift; path = BookDetail.swift; sourceTree = "<group>"; };
		211F7D4F2615FC8F0071286A /* LabeledImage.swift */ = {isa = PBXFileReference; lastKnownFileType = sourcecode.swift; path = LabeledImage.swift; sourceTree = "<group>"; };
		21CEC3A82615C9B700489FB1 /* Bookworm.app */ = {isa = PBXFileReference; explicitFileType = wrapper.application; includeInIndex = 0; path = Bookworm.app; sourceTree = BUILT_PRODUCTS_DIR; };
		21CEC3AB2615C9B700489FB1 /* BookwormApp.swift */ = {isa = PBXFileReference; lastKnownFileType = sourcecode.swift; path = BookwormApp.swift; sourceTree = "<group>"; };
		21CEC3AD2615C9B700489FB1 /* ContentView.swift */ = {isa = PBXFileReference; lastKnownFileType = sourcecode.swift; path = ContentView.swift; sourceTree = "<group>"; };
		21CEC3AF2615C9B900489FB1 /* Assets.xcassets */ = {isa = PBXFileReference; lastKnownFileType = folder.assetcatalog; path = Assets.xcassets; sourceTree = "<group>"; };
		21CEC3B22615C9B900489FB1 /* Preview Assets.xcassets */ = {isa = PBXFileReference; lastKnownFileType = folder.assetcatalog; path = "Preview Assets.xcassets"; sourceTree = "<group>"; };
		21CEC3B42615C9B900489FB1 /* Persistence.swift */ = {isa = PBXFileReference; lastKnownFileType = sourcecode.swift; path = Persistence.swift; sourceTree = "<group>"; };
		21CEC3B72615C9B900489FB1 /* Bookworm.xcdatamodel */ = {isa = PBXFileReference; lastKnownFileType = wrapper.xcdatamodel; path = Bookworm.xcdatamodel; sourceTree = "<group>"; };
		21CEC3B92615C9B900489FB1 /* Info.plist */ = {isa = PBXFileReference; lastKnownFileType = text.plist.xml; path = Info.plist; sourceTree = "<group>"; };
		21DE4DD72615FFBF00017879 /* BookRow.swift */ = {isa = PBXFileReference; lastKnownFileType = sourcecode.swift; path = BookRow.swift; sourceTree = "<group>"; };
/* End PBXFileReference section */

/* Begin PBXFrameworksBuildPhase section */
		21CEC3A52615C9B700489FB1 /* Frameworks */ = {
			isa = PBXFrameworksBuildPhase;
			buildActionMask = 2147483647;
			files = (
			);
			runOnlyForDeploymentPostprocessing = 0;
		};
/* End PBXFrameworksBuildPhase section */

/* Begin PBXGroup section */
		211F7D382615D2590071286A /* Screens */ = {
			isa = PBXGroup;
			children = (
				211F7D392615D2600071286A /* AddBook.swift */,
				211F7D482615F7040071286A /* BookDetail.swift */,
			);
			path = Screens;
			sourceTree = "<group>";
		};
		211F7D3C2615F1160071286A /* Views */ = {
			isa = PBXGroup;
			children = (
				211F7D3D2615F11C0071286A /* Rating.swift */,
				211F7D452615F50D0071286A /* EmojiRating.swift */,
				211F7D4F2615FC8F0071286A /* LabeledImage.swift */,
				21DE4DD72615FFBF00017879 /* BookRow.swift */,
			);
			path = Views;
			sourceTree = "<group>";
		};
		21CEC39F2615C9B700489FB1 = {
			isa = PBXGroup;
			children = (
				21CEC3AA2615C9B700489FB1 /* Bookworm */,
				21CEC3A92615C9B700489FB1 /* Products */,
			);
			sourceTree = "<group>";
		};
		21CEC3A92615C9B700489FB1 /* Products */ = {
			isa = PBXGroup;
			children = (
				21CEC3A82615C9B700489FB1 /* Bookworm.app */,
			);
			name = Products;
			sourceTree = "<group>";
		};
		21CEC3AA2615C9B700489FB1 /* Bookworm */ = {
			isa = PBXGroup;
			children = (
				211F7D3C2615F1160071286A /* Views */,
				211F7D382615D2590071286A /* Screens */,
				21CEC3AB2615C9B700489FB1 /* BookwormApp.swift */,
				21CEC3AD2615C9B700489FB1 /* ContentView.swift */,
				21CEC3AF2615C9B900489FB1 /* Assets.xcassets */,
				21CEC3B42615C9B900489FB1 /* Persistence.swift */,
				21CEC3B92615C9B900489FB1 /* Info.plist */,
				21CEC3B62615C9B900489FB1 /* Bookworm.xcdatamodeld */,
				21CEC3B12615C9B900489FB1 /* Preview Content */,
			);
			path = Bookworm;
			sourceTree = "<group>";
		};
		21CEC3B12615C9B900489FB1 /* Preview Content */ = {
			isa = PBXGroup;
			children = (
				21CEC3B22615C9B900489FB1 /* Preview Assets.xcassets */,
			);
			path = "Preview Content";
			sourceTree = "<group>";
		};
/* End PBXGroup section */

/* Begin PBXNativeTarget section */
		21CEC3A72615C9B700489FB1 /* Bookworm */ = {
			isa = PBXNativeTarget;
			buildConfigurationList = 21CEC3BC2615C9B900489FB1 /* Build configuration list for PBXNativeTarget "Bookworm" */;
			buildPhases = (
				21CEC3A42615C9B700489FB1 /* Sources */,
				21CEC3A52615C9B700489FB1 /* Frameworks */,
				21CEC3A62615C9B700489FB1 /* Resources */,
			);
			buildRules = (
			);
			dependencies = (
			);
			name = Bookworm;
			productName = Bookworm;
			productReference = 21CEC3A82615C9B700489FB1 /* Bookworm.app */;
			productType = "com.apple.product-type.application";
		};
/* End PBXNativeTarget section */

/* Begin PBXProject section */
		21CEC3A02615C9B700489FB1 /* Project object */ = {
			isa = PBXProject;
			attributes = {
				LastSwiftUpdateCheck = 1240;
				LastUpgradeCheck = 1240;
				TargetAttributes = {
					21CEC3A72615C9B700489FB1 = {
						CreatedOnToolsVersion = 12.4;
					};
				};
			};
			buildConfigurationList = 21CEC3A32615C9B700489FB1 /* Build configuration list for PBXProject "Bookworm" */;
			compatibilityVersion = "Xcode 9.3";
			developmentRegion = en;
			hasScannedForEncodings = 0;
			knownRegions = (
				en,
				Base,
			);
			mainGroup = 21CEC39F2615C9B700489FB1;
			productRefGroup = 21CEC3A92615C9B700489FB1 /* Products */;
			projectDirPath = "";
			projectRoot = "";
			targets = (
				21CEC3A72615C9B700489FB1 /* Bookworm */,
			);
		};
/* End PBXProject section */

/* Begin PBXResourcesBuildPhase section */
		21CEC3A62615C9B700489FB1 /* Resources */ = {
			isa = PBXResourcesBuildPhase;
			buildActionMask = 2147483647;
			files = (
				21CEC3B32615C9B900489FB1 /* Preview Assets.xcassets in Resources */,
				21CEC3B02615C9B900489FB1 /* Assets.xcassets in Resources */,
			);
			runOnlyForDeploymentPostprocessing = 0;
		};
/* End PBXResourcesBuildPhase section */

/* Begin PBXSourcesBuildPhase section */
		21CEC3A42615C9B700489FB1 /* Sources */ = {
			isa = PBXSourcesBuildPhase;
			buildActionMask = 2147483647;
			files = (
				211F7D462615F50D0071286A /* EmojiRating.swift in Sources */,
				21DE4DD82615FFBF00017879 /* BookRow.swift in Sources */,
				211F7D492615F7040071286A /* BookDetail.swift in Sources */,
				211F7D3E2615F11C0071286A /* Rating.swift in Sources */,
				21CEC3B52615C9B900489FB1 /* Persistence.swift in Sources */,
				21CEC3B82615C9B900489FB1 /* Bookworm.xcdatamodeld in Sources */,
				21CEC3AE2615C9B700489FB1 /* ContentView.swift in Sources */,
				211F7D502615FC8F0071286A /* LabeledImage.swift in Sources */,
				21CEC3AC2615C9B700489FB1 /* BookwormApp.swift in Sources */,
				211F7D3A2615D2600071286A /* AddBook.swift in Sources */,
			);
			runOnlyForDeploymentPostprocessing = 0;
		};
/* End PBXSourcesBuildPhase section */

/* Begin XCBuildConfiguration section */
		21CEC3BA2615C9B900489FB1 /* Debug */ = {
			isa = XCBuildConfiguration;
			buildSettings = {
				ALWAYS_SEARCH_USER_PATHS = NO;
				CLANG_ANALYZER_NONNULL = YES;
				CLANG_ANALYZER_NUMBER_OBJECT_CONVERSION = YES_AGGRESSIVE;
				CLANG_CXX_LANGUAGE_STANDARD = "gnu++14";
				CLANG_CXX_LIBRARY = "libc++";
				CLANG_ENABLE_MODULES = YES;
				CLANG_ENABLE_OBJC_ARC = YES;
				CLANG_ENABLE_OBJC_WEAK = YES;
				CLANG_WARN_BLOCK_CAPTURE_AUTORELEASING = YES;
				CLANG_WARN_BOOL_CONVERSION = YES;
				CLANG_WARN_COMMA = YES;
				CLANG_WARN_CONSTANT_CONVERSION = YES;
				CLANG_WARN_DEPRECATED_OBJC_IMPLEMENTATIONS = YES;
				CLANG_WARN_DIRECT_OBJC_ISA_USAGE = YES_ERROR;
				CLANG_WARN_DOCUMENTATION_COMMENTS = YES;
				CLANG_WARN_EMPTY_BODY = YES;
				CLANG_WARN_ENUM_CONVERSION = YES;
				CLANG_WARN_INFINITE_RECURSION = YES;
				CLANG_WARN_INT_CONVERSION = YES;
				CLANG_WARN_NON_LITERAL_NULL_CONVERSION = YES;
				CLANG_WARN_OBJC_IMPLICIT_RETAIN_SELF = YES;
				CLANG_WARN_OBJC_LITERAL_CONVERSION = YES;
				CLANG_WARN_OBJC_ROOT_CLASS = YES_ERROR;
				CLANG_WARN_QUOTED_INCLUDE_IN_FRAMEWORK_HEADER = YES;
				CLANG_WARN_RANGE_LOOP_ANALYSIS = YES;
				CLANG_WARN_STRICT_PROTOTYPES = YES;
				CLANG_WARN_SUSPICIOUS_MOVE = YES;
				CLANG_WARN_UNGUARDED_AVAILABILITY = YES_AGGRESSIVE;
				CLANG_WARN_UNREACHABLE_CODE = YES;
				CLANG_WARN__DUPLICATE_METHOD_MATCH = YES;
				COPY_PHASE_STRIP = NO;
				DEBUG_INFORMATION_FORMAT = dwarf;
				ENABLE_STRICT_OBJC_MSGSEND = YES;
				ENABLE_TESTABILITY = YES;
				GCC_C_LANGUAGE_STANDARD = gnu11;
				GCC_DYNAMIC_NO_PIC = NO;
				GCC_NO_COMMON_BLOCKS = YES;
				GCC_OPTIMIZATION_LEVEL = 0;
				GCC_PREPROCESSOR_DEFINITIONS = (
					"DEBUG=1",
					"$(inherited)",
				);
				GCC_WARN_64_TO_32_BIT_CONVERSION = YES;
				GCC_WARN_ABOUT_RETURN_TYPE = YES_ERROR;
				GCC_WARN_UNDECLARED_SELECTOR = YES;
				GCC_WARN_UNINITIALIZED_AUTOS = YES_AGGRESSIVE;
				GCC_WARN_UNUSED_FUNCTION = YES;
				GCC_WARN_UNUSED_VARIABLE = YES;
				IPHONEOS_DEPLOYMENT_TARGET = 14.4;
				MTL_ENABLE_DEBUG_INFO = INCLUDE_SOURCE;
				MTL_FAST_MATH = YES;
				ONLY_ACTIVE_ARCH = YES;
				SDKROOT = iphoneos;
				SWIFT_ACTIVE_COMPILATION_CONDITIONS = DEBUG;
				SWIFT_OPTIMIZATION_LEVEL = "-Onone";
			};
			name = Debug;
		};
		21CEC3BB2615C9B900489FB1 /* Release */ = {
			isa = XCBuildConfiguration;
			buildSettings = {
				ALWAYS_SEARCH_USER_PATHS = NO;
				CLANG_ANALYZER_NONNULL = YES;
				CLANG_ANALYZER_NUMBER_OBJECT_CONVERSION = YES_AGGRESSIVE;
				CLANG_CXX_LANGUAGE_STANDARD = "gnu++14";
				CLANG_CXX_LIBRARY = "libc++";
				CLANG_ENABLE_MODULES = YES;
				CLANG_ENABLE_OBJC_ARC = YES;
				CLANG_ENABLE_OBJC_WEAK = YES;
				CLANG_WARN_BLOCK_CAPTURE_AUTORELEASING = YES;
				CLANG_WARN_BOOL_CONVERSION = YES;
				CLANG_WARN_COMMA = YES;
				CLANG_WARN_CONSTANT_CONVERSION = YES;
				CLANG_WARN_DEPRECATED_OBJC_IMPLEMENTATIONS = YES;
				CLANG_WARN_DIRECT_OBJC_ISA_USAGE = YES_ERROR;
				CLANG_WARN_DOCUMENTATION_COMMENTS = YES;
				CLANG_WARN_EMPTY_BODY = YES;
				CLANG_WARN_ENUM_CONVERSION = YES;
				CLANG_WARN_INFINITE_RECURSION = YES;
				CLANG_WARN_INT_CONVERSION = YES;
				CLANG_WARN_NON_LITERAL_NULL_CONVERSION = YES;
				CLANG_WARN_OBJC_IMPLICIT_RETAIN_SELF = YES;
				CLANG_WARN_OBJC_LITERAL_CONVERSION = YES;
				CLANG_WARN_OBJC_ROOT_CLASS = YES_ERROR;
				CLANG_WARN_QUOTED_INCLUDE_IN_FRAMEWORK_HEADER = YES;
				CLANG_WARN_RANGE_LOOP_ANALYSIS = YES;
				CLANG_WARN_STRICT_PROTOTYPES = YES;
				CLANG_WARN_SUSPICIOUS_MOVE = YES;
				CLANG_WARN_UNGUARDED_AVAILABILITY = YES_AGGRESSIVE;
				CLANG_WARN_UNREACHABLE_CODE = YES;
				CLANG_WARN__DUPLICATE_METHOD_MATCH = YES;
				COPY_PHASE_STRIP = NO;
				DEBUG_INFORMATION_FORMAT = "dwarf-with-dsym";
				ENABLE_NS_ASSERTIONS = NO;
				ENABLE_STRICT_OBJC_MSGSEND = YES;
				GCC_C_LANGUAGE_STANDARD = gnu11;
				GCC_NO_COMMON_BLOCKS = YES;
				GCC_WARN_64_TO_32_BIT_CONVERSION = YES;
				GCC_WARN_ABOUT_RETURN_TYPE = YES_ERROR;
				GCC_WARN_UNDECLARED_SELECTOR = YES;
				GCC_WARN_UNINITIALIZED_AUTOS = YES_AGGRESSIVE;
				GCC_WARN_UNUSED_FUNCTION = YES;
				GCC_WARN_UNUSED_VARIABLE = YES;
				IPHONEOS_DEPLOYMENT_TARGET = 14.4;
				MTL_ENABLE_DEBUG_INFO = NO;
				MTL_FAST_MATH = YES;
				SDKROOT = iphoneos;
				SWIFT_COMPILATION_MODE = wholemodule;
				SWIFT_OPTIMIZATION_LEVEL = "-O";
				VALIDATE_PRODUCT = YES;
			};
			name = Release;
		};
		21CEC3BD2615C9B900489FB1 /* Debug */ = {
			isa = XCBuildConfiguration;
			buildSettings = {
				ASSETCATALOG_COMPILER_APPICON_NAME = AppIcon;
				ASSETCATALOG_COMPILER_GLOBAL_ACCENT_COLOR_NAME = AccentColor;
				CODE_SIGN_STYLE = Automatic;
				DEVELOPMENT_ASSET_PATHS = "\"Bookworm/Preview Content\"";
				DEVELOPMENT_TEAM = SVNZBC4323;
				ENABLE_PREVIEWS = YES;
				INFOPLIST_FILE = Bookworm/Info.plist;
				IPHONEOS_DEPLOYMENT_TARGET = 14.0;
				LD_RUNPATH_SEARCH_PATHS = (
					"$(inherited)",
					"@executable_path/Frameworks",
				);
				PRODUCT_BUNDLE_IDENTIFIER = com.example.Bookworm;
				PRODUCT_NAME = "$(TARGET_NAME)";
				SWIFT_VERSION = 5.0;
				TARGETED_DEVICE_FAMILY = "1,2";
			};
			name = Debug;
		};
		21CEC3BE2615C9B900489FB1 /* Release */ = {
			isa = XCBuildConfiguration;
			buildSettings = {
				ASSETCATALOG_COMPILER_APPICON_NAME = AppIcon;
				ASSETCATALOG_COMPILER_GLOBAL_ACCENT_COLOR_NAME = AccentColor;
				CODE_SIGN_STYLE = Automatic;
				DEVELOPMENT_ASSET_PATHS = "\"Bookworm/Preview Content\"";
				DEVELOPMENT_TEAM = SVNZBC4323;
				ENABLE_PREVIEWS = YES;
				INFOPLIST_FILE = Bookworm/Info.plist;
				IPHONEOS_DEPLOYMENT_TARGET = 14.0;
				LD_RUNPATH_SEARCH_PATHS = (
					"$(inherited)",
					"@executable_path/Frameworks",
				);
				PRODUCT_BUNDLE_IDENTIFIER = com.example.Bookworm;
				PRODUCT_NAME = "$(TARGET_NAME)";
				SWIFT_VERSION = 5.0;
				TARGETED_DEVICE_FAMILY = "1,2";
			};
			name = Release;
		};
/* End XCBuildConfiguration section */

/* Begin XCConfigurationList section */
		21CEC3A32615C9B700489FB1 /* Build configuration list for PBXProject "Bookworm" */ = {
			isa = XCConfigurationList;
			buildConfigurations = (
				21CEC3BA2615C9B900489FB1 /* Debug */,
				21CEC3BB2615C9B900489FB1 /* Release */,
			);
			defaultConfigurationIsVisible = 0;
			defaultConfigurationName = Release;
		};
		21CEC3BC2615C9B900489FB1 /* Build configuration list for PBXNativeTarget "Bookworm" */ = {
			isa = XCConfigurationList;
			buildConfigurations = (
				21CEC3BD2615C9B900489FB1 /* Debug */,
				21CEC3BE2615C9B900489FB1 /* Release */,
			);
			defaultConfigurationIsVisible = 0;
			defaultConfigurationName = Release;
		};
/* End XCConfigurationList section */

/* Begin XCVersionGroup section */
		21CEC3B62615C9B900489FB1 /* Bookworm.xcdatamodeld */ = {
			isa = XCVersionGroup;
			children = (
				21CEC3B72615C9B900489FB1 /* Bookworm.xcdatamodel */,
			);
			currentVersion = 21CEC3B72615C9B900489FB1 /* Bookworm.xcdatamodel */;
			path = Bookworm.xcdatamodeld;
			sourceTree = "<group>";
			versionGroupType = wrapper.xcdatamodel;
		};
/* End XCVersionGroup section */
	};
	rootObject = 21CEC3A02615C9B700489FB1 /* Project object */;
}
