// !$*UTF8*$!
{
	archiveVersion = 1;
	classes = {
	};
	objectVersion = 50;
	objects = {

/* Begin PBXBuildFile section */
		21166C91263A9292001A72A2 /* PlacesContainer.swift in Sources */ = {isa = PBXBuildFile; fileRef = 21166C90263A9292001A72A2 /* PlacesContainer.swift */; };
		21166C93263AA090001A72A2 /* PlaceDetail.swift in Sources */ = {isa = PBXBuildFile; fileRef = 21166C92263AA090001A72A2 /* PlaceDetail.swift */; };
		2144B081263BABAF00C445F4 /* DeletePlacesList.swift in Sources */ = {isa = PBXBuildFile; fileRef = 2144B080263BABAF00C445F4 /* DeletePlacesList.swift */; };
		2144B083263BAC2C00C445F4 /* AddPlaceSheet.swift in Sources */ = {isa = PBXBuildFile; fileRef = 2144B082263BAC2C00C445F4 /* AddPlaceSheet.swift */; };
		2144B085263BB1A700C445F4 /* AverageColour.swift in Sources */ = {isa = PBXBuildFile; fileRef = 2144B084263BB1A700C445F4 /* AverageColour.swift */; };
		2144B087263BDA8700C445F4 /* WikipediaResult.swift in Sources */ = {isa = PBXBuildFile; fileRef = 2144B086263BDA8700C445F4 /* WikipediaResult.swift */; };
		2144B089263BDDAC00C445F4 /* NetworkManager.swift in Sources */ = {isa = PBXBuildFile; fileRef = 2144B088263BDDAC00C445F4 /* NetworkManager.swift */; };
		21AB1EE4263C1A2C00E56CFB /* AsyncImage.swift in Sources */ = {isa = PBXBuildFile; fileRef = 21AB1EE3263C1A2C00E56CFB /* AsyncImage.swift */; };
		21CD6BDA261A9C500009EFC1 /* BucketListApp.swift in Sources */ = {isa = PBXBuildFile; fileRef = 21CD6BD9261A9C500009EFC1 /* BucketListApp.swift */; };
		21CD6BDC261A9C500009EFC1 /* ContentView.swift in Sources */ = {isa = PBXBuildFile; fileRef = 21CD6BDB261A9C500009EFC1 /* ContentView.swift */; };
		21CD6BDE261A9C510009EFC1 /* Assets.xcassets in Resources */ = {isa = PBXBuildFile; fileRef = 21CD6BDD261A9C510009EFC1 /* Assets.xcassets */; };
		21CD6BE1261A9C510009EFC1 /* Preview Assets.xcassets in Resources */ = {isa = PBXBuildFile; fileRef = 21CD6BE0261A9C510009EFC1 /* Preview Assets.xcassets */; };
		21F48B4E263A505800A6293B /* AuthenticationView.swift in Sources */ = {isa = PBXBuildFile; fileRef = 21F48B4D263A505800A6293B /* AuthenticationView.swift */; };
		21F48B51263A574D00A6293B /* ImageLoader.swift in Sources */ = {isa = PBXBuildFile; fileRef = 21F48B50263A574D00A6293B /* ImageLoader.swift */; };
		21F48B54263A7B2F00A6293B /* PlacesList.swift in Sources */ = {isa = PBXBuildFile; fileRef = 21F48B53263A7B2F00A6293B /* PlacesList.swift */; };
		21F48B57263A7B7200A6293B /* Place.swift in Sources */ = {isa = PBXBuildFile; fileRef = 21F48B56263A7B7200A6293B /* Place.swift */; };
		21F48B59263A7D0800A6293B /* PlaceRow.swift in Sources */ = {isa = PBXBuildFile; fileRef = 21F48B58263A7D0800A6293B /* PlaceRow.swift */; };
		21F48B5B263A817300A6293B /* AddPlace.swift in Sources */ = {isa = PBXBuildFile; fileRef = 21F48B5A263A817300A6293B /* AddPlace.swift */; };
		21F48B61263A84F100A6293B /* FloatView.swift in Sources */ = {isa = PBXBuildFile; fileRef = 21F48B60263A84F100A6293B /* FloatView.swift */; };
/* End PBXBuildFile section */

/* Begin PBXFileReference section */
		21166C90263A9292001A72A2 /* PlacesContainer.swift */ = {isa = PBXFileReference; lastKnownFileType = sourcecode.swift; path = PlacesContainer.swift; sourceTree = "<group>"; };
		21166C92263AA090001A72A2 /* PlaceDetail.swift */ = {isa = PBXFileReference; lastKnownFileType = sourcecode.swift; path = PlaceDetail.swift; sourceTree = "<group>"; };
		2144B080263BABAF00C445F4 /* DeletePlacesList.swift */ = {isa = PBXFileReference; lastKnownFileType = sourcecode.swift; path = DeletePlacesList.swift; sourceTree = "<group>"; };
		2144B082263BAC2C00C445F4 /* AddPlaceSheet.swift */ = {isa = PBXFileReference; lastKnownFileType = sourcecode.swift; path = AddPlaceSheet.swift; sourceTree = "<group>"; };
		2144B084263BB1A700C445F4 /* AverageColour.swift */ = {isa = PBXFileReference; lastKnownFileType = sourcecode.swift; path = AverageColour.swift; sourceTree = "<group>"; };
		2144B086263BDA8700C445F4 /* WikipediaResult.swift */ = {isa = PBXFileReference; lastKnownFileType = sourcecode.swift; path = WikipediaResult.swift; sourceTree = "<group>"; };
		2144B088263BDDAC00C445F4 /* NetworkManager.swift */ = {isa = PBXFileReference; lastKnownFileType = sourcecode.swift; path = NetworkManager.swift; sourceTree = "<group>"; };
		21AB1EE3263C1A2C00E56CFB /* AsyncImage.swift */ = {isa = PBXFileReference; lastKnownFileType = sourcecode.swift; path = AsyncImage.swift; sourceTree = "<group>"; };
		21CD6BD6261A9C500009EFC1 /* BucketList.app */ = {isa = PBXFileReference; explicitFileType = wrapper.application; includeInIndex = 0; path = BucketList.app; sourceTree = BUILT_PRODUCTS_DIR; };
		21CD6BD9261A9C500009EFC1 /* BucketListApp.swift */ = {isa = PBXFileReference; lastKnownFileType = sourcecode.swift; path = BucketListApp.swift; sourceTree = "<group>"; };
		21CD6BDB261A9C500009EFC1 /* ContentView.swift */ = {isa = PBXFileReference; lastKnownFileType = sourcecode.swift; path = ContentView.swift; sourceTree = "<group>"; };
		21CD6BDD261A9C510009EFC1 /* Assets.xcassets */ = {isa = PBXFileReference; lastKnownFileType = folder.assetcatalog; path = Assets.xcassets; sourceTree = "<group>"; };
		21CD6BE0261A9C510009EFC1 /* Preview Assets.xcassets */ = {isa = PBXFileReference; lastKnownFileType = folder.assetcatalog; path = "Preview Assets.xcassets"; sourceTree = "<group>"; };
		21CD6BE2261A9C510009EFC1 /* Info.plist */ = {isa = PBXFileReference; lastKnownFileType = text.plist.xml; path = Info.plist; sourceTree = "<group>"; };
		21F48B4D263A505800A6293B /* AuthenticationView.swift */ = {isa = PBXFileReference; lastKnownFileType = sourcecode.swift; path = AuthenticationView.swift; sourceTree = "<group>"; };
		21F48B50263A574D00A6293B /* ImageLoader.swift */ = {isa = PBXFileReference; lastKnownFileType = sourcecode.swift; path = ImageLoader.swift; sourceTree = "<group>"; };
		21F48B53263A7B2F00A6293B /* PlacesList.swift */ = {isa = PBXFileReference; lastKnownFileType = sourcecode.swift; path = PlacesList.swift; sourceTree = "<group>"; };
		21F48B56263A7B7200A6293B /* Place.swift */ = {isa = PBXFileReference; lastKnownFileType = sourcecode.swift; path = Place.swift; sourceTree = "<group>"; };
		21F48B58263A7D0800A6293B /* PlaceRow.swift */ = {isa = PBXFileReference; lastKnownFileType = sourcecode.swift; path = PlaceRow.swift; sourceTree = "<group>"; };
		21F48B5A263A817300A6293B /* AddPlace.swift */ = {isa = PBXFileReference; lastKnownFileType = sourcecode.swift; path = AddPlace.swift; sourceTree = "<group>"; };
		21F48B60263A84F100A6293B /* FloatView.swift */ = {isa = PBXFileReference; lastKnownFileType = sourcecode.swift; path = FloatView.swift; sourceTree = "<group>"; };
/* End PBXFileReference section */

/* Begin PBXFrameworksBuildPhase section */
		21CD6BD3261A9C500009EFC1 /* Frameworks */ = {
			isa = PBXFrameworksBuildPhase;
			buildActionMask = 2147483647;
			files = (
			);
			runOnlyForDeploymentPostprocessing = 0;
		};
/* End PBXFrameworksBuildPhase section */

/* Begin PBXGroup section */
		2144B07F263BAB8800C445F4 /* Places */ = {
			isa = PBXGroup;
			children = (
				21F48B53263A7B2F00A6293B /* PlacesList.swift */,
				21F48B58263A7D0800A6293B /* PlaceRow.swift */,
				21166C92263AA090001A72A2 /* PlaceDetail.swift */,
				2144B080263BABAF00C445F4 /* DeletePlacesList.swift */,
			);
			path = Places;
			sourceTree = "<group>";
		};
		21CD6BCD261A9C500009EFC1 = {
			isa = PBXGroup;
			children = (
				21CD6BD8261A9C500009EFC1 /* BucketList */,
				21CD6BD7261A9C500009EFC1 /* Products */,
			);
			sourceTree = "<group>";
		};
		21CD6BD7261A9C500009EFC1 /* Products */ = {
			isa = PBXGroup;
			children = (
				21CD6BD6261A9C500009EFC1 /* BucketList.app */,
			);
			name = Products;
			sourceTree = "<group>";
		};
		21CD6BD8261A9C500009EFC1 /* BucketList */ = {
			isa = PBXGroup;
			children = (
				21F48B5F263A84E200A6293B /* Modifiers */,
				21F48B5C263A831F00A6293B /* Custom components */,
				21F48B55263A7B6C00A6293B /* Model */,
				21F48B4F263A574300A6293B /* Utility */,
				21F48B4C263A504D00A6293B /* Views */,
				21CD6BD9261A9C500009EFC1 /* BucketListApp.swift */,
				21CD6BDB261A9C500009EFC1 /* ContentView.swift */,
				21CD6BDD261A9C510009EFC1 /* Assets.xcassets */,
				21CD6BE2261A9C510009EFC1 /* Info.plist */,
				21CD6BDF261A9C510009EFC1 /* Preview Content */,
			);
			path = BucketList;
			sourceTree = "<group>";
		};
		21CD6BDF261A9C510009EFC1 /* Preview Content */ = {
			isa = PBXGroup;
			children = (
				21CD6BE0261A9C510009EFC1 /* Preview Assets.xcassets */,
			);
			path = "Preview Content";
			sourceTree = "<group>";
		};
		21F48B4C263A504D00A6293B /* Views */ = {
			isa = PBXGroup;
			children = (
				2144B07F263BAB8800C445F4 /* Places */,
				21F48B4D263A505800A6293B /* AuthenticationView.swift */,
				21F48B5A263A817300A6293B /* AddPlace.swift */,
				2144B082263BAC2C00C445F4 /* AddPlaceSheet.swift */,
			);
			path = Views;
			sourceTree = "<group>";
		};
		21F48B4F263A574300A6293B /* Utility */ = {
			isa = PBXGroup;
			children = (
				21F48B50263A574D00A6293B /* ImageLoader.swift */,
				2144B084263BB1A700C445F4 /* AverageColour.swift */,
				2144B088263BDDAC00C445F4 /* NetworkManager.swift */,
			);
			path = Utility;
			sourceTree = "<group>";
		};
		21F48B55263A7B6C00A6293B /* Model */ = {
			isa = PBXGroup;
			children = (
				21F48B56263A7B7200A6293B /* Place.swift */,
				21166C90263A9292001A72A2 /* PlacesContainer.swift */,
				2144B086263BDA8700C445F4 /* WikipediaResult.swift */,
			);
			path = Model;
			sourceTree = "<group>";
		};
		21F48B5C263A831F00A6293B /* Custom components */ = {
			isa = PBXGroup;
			children = (
				21AB1EE3263C1A2C00E56CFB /* AsyncImage.swift */,
			);
			path = "Custom components";
			sourceTree = "<group>";
		};
		21F48B5F263A84E200A6293B /* Modifiers */ = {
			isa = PBXGroup;
			children = (
				21F48B60263A84F100A6293B /* FloatView.swift */,
			);
			path = Modifiers;
			sourceTree = "<group>";
		};
/* End PBXGroup section */

/* Begin PBXNativeTarget section */
		21CD6BD5261A9C500009EFC1 /* BucketList */ = {
			isa = PBXNativeTarget;
			buildConfigurationList = 21CD6BE5261A9C510009EFC1 /* Build configuration list for PBXNativeTarget "BucketList" */;
			buildPhases = (
				21CD6BD2261A9C500009EFC1 /* Sources */,
				21CD6BD3261A9C500009EFC1 /* Frameworks */,
				21CD6BD4261A9C500009EFC1 /* Resources */,
			);
			buildRules = (
			);
			dependencies = (
			);
			name = BucketList;
			productName = BucketList;
			productReference = 21CD6BD6261A9C500009EFC1 /* BucketList.app */;
			productType = "com.apple.product-type.application";
		};
/* End PBXNativeTarget section */

/* Begin PBXProject section */
		21CD6BCE261A9C500009EFC1 /* Project object */ = {
			isa = PBXProject;
			attributes = {
				LastSwiftUpdateCheck = 1240;
				LastUpgradeCheck = 1240;
				TargetAttributes = {
					21CD6BD5261A9C500009EFC1 = {
						CreatedOnToolsVersion = 12.4;
					};
				};
			};
			buildConfigurationList = 21CD6BD1261A9C500009EFC1 /* Build configuration list for PBXProject "BucketList" */;
			compatibilityVersion = "Xcode 9.3";
			developmentRegion = en;
			hasScannedForEncodings = 0;
			knownRegions = (
				en,
				Base,
			);
			mainGroup = 21CD6BCD261A9C500009EFC1;
			productRefGroup = 21CD6BD7261A9C500009EFC1 /* Products */;
			projectDirPath = "";
			projectRoot = "";
			targets = (
				21CD6BD5261A9C500009EFC1 /* BucketList */,
			);
		};
/* End PBXProject section */

/* Begin PBXResourcesBuildPhase section */
		21CD6BD4261A9C500009EFC1 /* Resources */ = {
			isa = PBXResourcesBuildPhase;
			buildActionMask = 2147483647;
			files = (
				21CD6BE1261A9C510009EFC1 /* Preview Assets.xcassets in Resources */,
				21CD6BDE261A9C510009EFC1 /* Assets.xcassets in Resources */,
			);
			runOnlyForDeploymentPostprocessing = 0;
		};
/* End PBXResourcesBuildPhase section */

/* Begin PBXSourcesBuildPhase section */
		21CD6BD2261A9C500009EFC1 /* Sources */ = {
			isa = PBXSourcesBuildPhase;
			buildActionMask = 2147483647;
			files = (
				21CD6BDC261A9C500009EFC1 /* ContentView.swift in Sources */,
				21166C91263A9292001A72A2 /* PlacesContainer.swift in Sources */,
				21CD6BDA261A9C500009EFC1 /* BucketListApp.swift in Sources */,
				21AB1EE4263C1A2C00E56CFB /* AsyncImage.swift in Sources */,
				2144B085263BB1A700C445F4 /* AverageColour.swift in Sources */,
				2144B089263BDDAC00C445F4 /* NetworkManager.swift in Sources */,
				21F48B59263A7D0800A6293B /* PlaceRow.swift in Sources */,
				2144B087263BDA8700C445F4 /* WikipediaResult.swift in Sources */,
				2144B083263BAC2C00C445F4 /* AddPlaceSheet.swift in Sources */,
				2144B081263BABAF00C445F4 /* DeletePlacesList.swift in Sources */,
				21166C93263AA090001A72A2 /* PlaceDetail.swift in Sources */,
				21F48B51263A574D00A6293B /* ImageLoader.swift in Sources */,
				21F48B57263A7B7200A6293B /* Place.swift in Sources */,
				21F48B4E263A505800A6293B /* AuthenticationView.swift in Sources */,
				21F48B61263A84F100A6293B /* FloatView.swift in Sources */,
				21F48B54263A7B2F00A6293B /* PlacesList.swift in Sources */,
				21F48B5B263A817300A6293B /* AddPlace.swift in Sources */,
			);
			runOnlyForDeploymentPostprocessing = 0;
		};
/* End PBXSourcesBuildPhase section */

/* Begin XCBuildConfiguration section */
		21CD6BE3261A9C510009EFC1 /* Debug */ = {
			isa = XCBuildConfiguration;
			buildSettings = {
				ALWAYS_SEARCH_USER_PATHS = NO;
				CLANG_ANALYZER_NONNULL = YES;
				CLANG_ANALYZER_NUMBER_OBJECT_CONVERSION = YES_AGGRESSIVE;
				CLANG_CXX_LANGUAGE_STANDARD = "gnu++14";
				CLANG_CXX_LIBRARY = "libc++";
				CLANG_ENABLE_MODULES = YES;
				CLANG_ENABLE_OBJC_ARC = YES;
				CLANG_ENABLE_OBJC_WEAK = YES;
				CLANG_WARN_BLOCK_CAPTURE_AUTORELEASING = YES;
				CLANG_WARN_BOOL_CONVERSION = YES;
				CLANG_WARN_COMMA = YES;
				CLANG_WARN_CONSTANT_CONVERSION = YES;
				CLANG_WARN_DEPRECATED_OBJC_IMPLEMENTATIONS = YES;
				CLANG_WARN_DIRECT_OBJC_ISA_USAGE = YES_ERROR;
				CLANG_WARN_DOCUMENTATION_COMMENTS = YES;
				CLANG_WARN_EMPTY_BODY = YES;
				CLANG_WARN_ENUM_CONVERSION = YES;
				CLANG_WARN_INFINITE_RECURSION = YES;
				CLANG_WARN_INT_CONVERSION = YES;
				CLANG_WARN_NON_LITERAL_NULL_CONVERSION = YES;
				CLANG_WARN_OBJC_IMPLICIT_RETAIN_SELF = YES;
				CLANG_WARN_OBJC_LITERAL_CONVERSION = YES;
				CLANG_WARN_OBJC_ROOT_CLASS = YES_ERROR;
				CLANG_WARN_QUOTED_INCLUDE_IN_FRAMEWORK_HEADER = YES;
				CLANG_WARN_RANGE_LOOP_ANALYSIS = YES;
				CLANG_WARN_STRICT_PROTOTYPES = YES;
				CLANG_WARN_SUSPICIOUS_MOVE = YES;
				CLANG_WARN_UNGUARDED_AVAILABILITY = YES_AGGRESSIVE;
				CLANG_WARN_UNREACHABLE_CODE = YES;
				CLANG_WARN__DUPLICATE_METHOD_MATCH = YES;
				COPY_PHASE_STRIP = NO;
				DEBUG_INFORMATION_FORMAT = dwarf;
				ENABLE_STRICT_OBJC_MSGSEND = YES;
				ENABLE_TESTABILITY = YES;
				GCC_C_LANGUAGE_STANDARD = gnu11;
				GCC_DYNAMIC_NO_PIC = NO;
				GCC_NO_COMMON_BLOCKS = YES;
				GCC_OPTIMIZATION_LEVEL = 0;
				GCC_PREPROCESSOR_DEFINITIONS = (
					"DEBUG=1",
					"$(inherited)",
				);
				GCC_WARN_64_TO_32_BIT_CONVERSION = YES;
				GCC_WARN_ABOUT_RETURN_TYPE = YES_ERROR;
				GCC_WARN_UNDECLARED_SELECTOR = YES;
				GCC_WARN_UNINITIALIZED_AUTOS = YES_AGGRESSIVE;
				GCC_WARN_UNUSED_FUNCTION = YES;
				GCC_WARN_UNUSED_VARIABLE = YES;
				IPHONEOS_DEPLOYMENT_TARGET = 14.4;
				MTL_ENABLE_DEBUG_INFO = INCLUDE_SOURCE;
				MTL_FAST_MATH = YES;
				ONLY_ACTIVE_ARCH = YES;
				SDKROOT = iphoneos;
				SWIFT_ACTIVE_COMPILATION_CONDITIONS = DEBUG;
				SWIFT_OPTIMIZATION_LEVEL = "-Onone";
			};
			name = Debug;
		};
		21CD6BE4261A9C510009EFC1 /* Release */ = {
			isa = XCBuildConfiguration;
			buildSettings = {
				ALWAYS_SEARCH_USER_PATHS = NO;
				CLANG_ANALYZER_NONNULL = YES;
				CLANG_ANALYZER_NUMBER_OBJECT_CONVERSION = YES_AGGRESSIVE;
				CLANG_CXX_LANGUAGE_STANDARD = "gnu++14";
				CLANG_CXX_LIBRARY = "libc++";
				CLANG_ENABLE_MODULES = YES;
				CLANG_ENABLE_OBJC_ARC = YES;
				CLANG_ENABLE_OBJC_WEAK = YES;
				CLANG_WARN_BLOCK_CAPTURE_AUTORELEASING = YES;
				CLANG_WARN_BOOL_CONVERSION = YES;
				CLANG_WARN_COMMA = YES;
				CLANG_WARN_CONSTANT_CONVERSION = YES;
				CLANG_WARN_DEPRECATED_OBJC_IMPLEMENTATIONS = YES;
				CLANG_WARN_DIRECT_OBJC_ISA_USAGE = YES_ERROR;
				CLANG_WARN_DOCUMENTATION_COMMENTS = YES;
				CLANG_WARN_EMPTY_BODY = YES;
				CLANG_WARN_ENUM_CONVERSION = YES;
				CLANG_WARN_INFINITE_RECURSION = YES;
				CLANG_WARN_INT_CONVERSION = YES;
				CLANG_WARN_NON_LITERAL_NULL_CONVERSION = YES;
				CLANG_WARN_OBJC_IMPLICIT_RETAIN_SELF = YES;
				CLANG_WARN_OBJC_LITERAL_CONVERSION = YES;
				CLANG_WARN_OBJC_ROOT_CLASS = YES_ERROR;
				CLANG_WARN_QUOTED_INCLUDE_IN_FRAMEWORK_HEADER = YES;
				CLANG_WARN_RANGE_LOOP_ANALYSIS = YES;
				CLANG_WARN_STRICT_PROTOTYPES = YES;
				CLANG_WARN_SUSPICIOUS_MOVE = YES;
				CLANG_WARN_UNGUARDED_AVAILABILITY = YES_AGGRESSIVE;
				CLANG_WARN_UNREACHABLE_CODE = YES;
				CLANG_WARN__DUPLICATE_METHOD_MATCH = YES;
				COPY_PHASE_STRIP = NO;
				DEBUG_INFORMATION_FORMAT = "dwarf-with-dsym";
				ENABLE_NS_ASSERTIONS = NO;
				ENABLE_STRICT_OBJC_MSGSEND = YES;
				GCC_C_LANGUAGE_STANDARD = gnu11;
				GCC_NO_COMMON_BLOCKS = YES;
				GCC_WARN_64_TO_32_BIT_CONVERSION = YES;
				GCC_WARN_ABOUT_RETURN_TYPE = YES_ERROR;
				GCC_WARN_UNDECLARED_SELECTOR = YES;
				GCC_WARN_UNINITIALIZED_AUTOS = YES_AGGRESSIVE;
				GCC_WARN_UNUSED_FUNCTION = YES;
				GCC_WARN_UNUSED_VARIABLE = YES;
				IPHONEOS_DEPLOYMENT_TARGET = 14.4;
				MTL_ENABLE_DEBUG_INFO = NO;
				MTL_FAST_MATH = YES;
				SDKROOT = iphoneos;
				SWIFT_COMPILATION_MODE = wholemodule;
				SWIFT_OPTIMIZATION_LEVEL = "-O";
				VALIDATE_PRODUCT = YES;
			};
			name = Release;
		};
		21CD6BE6261A9C510009EFC1 /* Debug */ = {
			isa = XCBuildConfiguration;
			buildSettings = {
				ASSETCATALOG_COMPILER_APPICON_NAME = AppIcon;
				ASSETCATALOG_COMPILER_GLOBAL_ACCENT_COLOR_NAME = AccentColor;
				CODE_SIGN_STYLE = Automatic;
				DEVELOPMENT_ASSET_PATHS = "\"BucketList/Preview Content\"";
				DEVELOPMENT_TEAM = SVNZBC4323;
				ENABLE_PREVIEWS = YES;
				INFOPLIST_FILE = BucketList/Info.plist;
				IPHONEOS_DEPLOYMENT_TARGET = 14.0;
				LD_RUNPATH_SEARCH_PATHS = (
					"$(inherited)",
					"@executable_path/Frameworks",
				);
				PRODUCT_BUNDLE_IDENTIFIER = com.example.BucketList;
				PRODUCT_NAME = "$(TARGET_NAME)";
				SWIFT_VERSION = 5.0;
				TARGETED_DEVICE_FAMILY = "1,2";
			};
			name = Debug;
		};
		21CD6BE7261A9C510009EFC1 /* Release */ = {
			isa = XCBuildConfiguration;
			buildSettings = {
				ASSETCATALOG_COMPILER_APPICON_NAME = AppIcon;
				ASSETCATALOG_COMPILER_GLOBAL_ACCENT_COLOR_NAME = AccentColor;
				CODE_SIGN_STYLE = Automatic;
				DEVELOPMENT_ASSET_PATHS = "\"BucketList/Preview Content\"";
				DEVELOPMENT_TEAM = SVNZBC4323;
				ENABLE_PREVIEWS = YES;
				INFOPLIST_FILE = BucketList/Info.plist;
				IPHONEOS_DEPLOYMENT_TARGET = 14.0;
				LD_RUNPATH_SEARCH_PATHS = (
					"$(inherited)",
					"@executable_path/Frameworks",
				);
				PRODUCT_BUNDLE_IDENTIFIER = com.example.BucketList;
				PRODUCT_NAME = "$(TARGET_NAME)";
				SWIFT_VERSION = 5.0;
				TARGETED_DEVICE_FAMILY = "1,2";
			};
			name = Release;
		};
/* End XCBuildConfiguration section */

/* Begin XCConfigurationList section */
		21CD6BD1261A9C500009EFC1 /* Build configuration list for PBXProject "BucketList" */ = {
			isa = XCConfigurationList;
			buildConfigurations = (
				21CD6BE3261A9C510009EFC1 /* Debug */,
				21CD6BE4261A9C510009EFC1 /* Release */,
			);
			defaultConfigurationIsVisible = 0;
			defaultConfigurationName = Release;
		};
		21CD6BE5261A9C510009EFC1 /* Build configuration list for PBXNativeTarget "BucketList" */ = {
			isa = XCConfigurationList;
			buildConfigurations = (
				21CD6BE6261A9C510009EFC1 /* Debug */,
				21CD6BE7261A9C510009EFC1 /* Release */,
			);
			defaultConfigurationIsVisible = 0;
			defaultConfigurationName = Release;
		};
/* End XCConfigurationList section */
	};
	rootObject = 21CD6BCE261A9C500009EFC1 /* Project object */;
}
